PODS:
  - Alamofire (5.0.0-beta.4)
  - JVFloatLabeledTextField (1.2.1)
  - RAMAnimatedTabBarController (4.0.2)
  - SidebarOverlay (4.2.2)
  - SVProgressHUD (2.2.5)
  - SwiftyJSON (4.2.0)

DEPENDENCIES:
  - Alamofire (= 5.0.0-beta.4)
  - JVFloatLabeledTextField
  - RAMAnimatedTabBarController (= 4.0.2)
  - SidebarOverlay
  - SVProgressHUD
  - SwiftyJSON (= 4.2)

SPEC REPOS:
  https://github.com/cocoapods/specs.git:
    - Alamofire
    - JVFloatLabeledTextField
    - RAMAnimatedTabBarController
    - SidebarOverlay
    - SVProgressHUD
    - SwiftyJSON

SPEC CHECKSUMS:
  Alamofire: 6458d95477bc40adf10129f22c67cfb014162dc8
  JVFloatLabeledTextField: cfc44e3c4d493b2ed92ede8035e8e89c2912ba64
  RAMAnimatedTabBarController: 5c91e16a9c4be56a7e022182b64b192bc6865f20
  SidebarOverlay: a5365455a2f9d54f70d0765764ca1a2806b1b11d
  SVProgressHUD: 1428aafac632c1f86f62aa4243ec12008d7a51d6
  SwiftyJSON: c4bcba26dd9ec7a027fc8eade48e2c911f229e96

PODFILE CHECKSUM: f38d60c0378d1f3a2d1b2b06d1c986090698b238

COCOAPODS: 1.7.0
