// !$*UTF8*$!
{
	archiveVersion = 1;
	classes = {
	};
	objectVersion = 51;
	objects = {

/* Begin PBXBuildFile section */
		930E82BC226D8672000C40E2 /* AppDelegate.swift in Sources */ = {isa = PBXBuildFile; fileRef = 930E82BB226D8672000C40E2 /* AppDelegate.swift */; };
		930E82C1226D8672000C40E2 /* SignedOut.storyboard in Resources */ = {isa = PBXBuildFile; fileRef = 930E82BF226D8672000C40E2 /* SignedOut.storyboard */; };
		930E82C3226D8675000C40E2 /* Assets.xcassets in Resources */ = {isa = PBXBuildFile; fileRef = 930E82C2226D8675000C40E2 /* Assets.xcassets */; };
		930E82C6226D8675000C40E2 /* LaunchScreen.storyboard in Resources */ = {isa = PBXBuildFile; fileRef = 930E82C4226D8675000C40E2 /* LaunchScreen.storyboard */; };
		930E82E3226DA0CE000C40E2 /* Service.swift in Sources */ = {isa = PBXBuildFile; fileRef = 930E82E1226DA0CE000C40E2 /* Service.swift */; };
		930E82E5226DA315000C40E2 /* Constants.swift in Sources */ = {isa = PBXBuildFile; fileRef = 930E82E4226DA315000C40E2 /* Constants.swift */; };
		930E82E7226DA498000C40E2 /* Keys.swift in Sources */ = {isa = PBXBuildFile; fileRef = 930E82E6226DA498000C40E2 /* Keys.swift */; };
		930E82FE226DBCC5000C40E2 /* UIView+Constraints.swift in Sources */ = {isa = PBXBuildFile; fileRef = 930E82FC226DBCC5000C40E2 /* UIView+Constraints.swift */; };
		930E82FF226DBCC5000C40E2 /* Miscellaneous.swift in Sources */ = {isa = PBXBuildFile; fileRef = 930E82FD226DBCC5000C40E2 /* Miscellaneous.swift */; };
		930E8303226DCCCB000C40E2 /* UIFont+AppFont.swift in Sources */ = {isa = PBXBuildFile; fileRef = 930E8302226DCCCB000C40E2 /* UIFont+AppFont.swift */; };
		930E8305226DCD4F000C40E2 /* UIColor+AppColors.swift in Sources */ = {isa = PBXBuildFile; fileRef = 930E8304226DCD4F000C40E2 /* UIColor+AppColors.swift */; };
		930E8307226DCD97000C40E2 /* String+Subscripts.swift in Sources */ = {isa = PBXBuildFile; fileRef = 930E8306226DCD97000C40E2 /* String+Subscripts.swift */; };
		930E8309226DCE35000C40E2 /* UIButton+Customization.swift in Sources */ = {isa = PBXBuildFile; fileRef = 930E8308226DCE35000C40E2 /* UIButton+Customization.swift */; };
		930E830B226DD049000C40E2 /* ApplicationManager.swift in Sources */ = {isa = PBXBuildFile; fileRef = 930E830A226DD049000C40E2 /* ApplicationManager.swift */; };
		930E8314226DD084000C40E2 /* Pulse.swift in Sources */ = {isa = PBXBuildFile; fileRef = 930E830D226DD084000C40E2 /* Pulse.swift */; };
		930E8315226DD084000C40E2 /* RAMCameraAnimation.swift in Sources */ = {isa = PBXBuildFile; fileRef = 930E830F226DD084000C40E2 /* RAMCameraAnimation.swift */; };
		930E8316226DD084000C40E2 /* RAMPointUpAnimation.swift in Sources */ = {isa = PBXBuildFile; fileRef = 930E8310226DD084000C40E2 /* RAMPointUpAnimation.swift */; };
		930E8317226DD084000C40E2 /* RAMPointDownAnimation.swift in Sources */ = {isa = PBXBuildFile; fileRef = 930E8311226DD084000C40E2 /* RAMPointDownAnimation.swift */; };
		930E8318226DD084000C40E2 /* LaunchViewTransition.swift in Sources */ = {isa = PBXBuildFile; fileRef = 930E8313226DD084000C40E2 /* LaunchViewTransition.swift */; };
		930E831A226DDCA2000C40E2 /* Navigation.swift in Sources */ = {isa = PBXBuildFile; fileRef = 930E8319226DDCA2000C40E2 /* Navigation.swift */; };
		930E831C226DDF17000C40E2 /* Main.storyboard in Resources */ = {isa = PBXBuildFile; fileRef = 930E831B226DDF17000C40E2 /* Main.storyboard */; };
		932176D422FA8E2A0079F524 /* CodableHelpers.swift in Sources */ = {isa = PBXBuildFile; fileRef = 932176D322FA8E2A0079F524 /* CodableHelpers.swift */; };
		933973042357482500C92C77 /* MovieDetailViewPresenter.swift in Sources */ = {isa = PBXBuildFile; fileRef = 933973032357482500C92C77 /* MovieDetailViewPresenter.swift */; };
		933DC4CF22F80C9A001F32D3 /* MoviesResponse.swift in Sources */ = {isa = PBXBuildFile; fileRef = 933DC4CE22F80C9A001F32D3 /* MoviesResponse.swift */; };
		9346E925227079E200BE2B08 /* CustomNavigationBar.swift in Sources */ = {isa = PBXBuildFile; fileRef = 9346E924227079E200BE2B08 /* CustomNavigationBar.swift */; };
		9346E92722707A0800BE2B08 /* CustomNavigationBar.xib in Resources */ = {isa = PBXBuildFile; fileRef = 9346E92622707A0800BE2B08 /* CustomNavigationBar.xib */; };
		9346FB612294301E0092025D /* CoreData.framework in Frameworks */ = {isa = PBXBuildFile; fileRef = 9346FB602294301E0092025D /* CoreData.framework */; };
		9356E91423043B0A00DAC336 /* ReachabilityManager.swift in Sources */ = {isa = PBXBuildFile; fileRef = 9356E91323043AF700DAC336 /* ReachabilityManager.swift */; };
		936B60B8230E98E000F49902 /* OtherMovieCollectionViewCell.swift in Sources */ = {isa = PBXBuildFile; fileRef = 936B60B7230E98E000F49902 /* OtherMovieCollectionViewCell.swift */; };
		936B60BA230EA43500F49902 /* SectionHeader.swift in Sources */ = {isa = PBXBuildFile; fileRef = 936B60B9230EA43500F49902 /* SectionHeader.swift */; };
		936B60BC230EB06500F49902 /* OtherMoviesDataSource.swift in Sources */ = {isa = PBXBuildFile; fileRef = 936B60BB230EB06500F49902 /* OtherMoviesDataSource.swift */; };
		938AA80C2301673F0088919C /* MovieDetailViewController.swift in Sources */ = {isa = PBXBuildFile; fileRef = 938AA80B2301673F0088919C /* MovieDetailViewController.swift */; };
		938AA81223016B130088919C /* Localizable.strings in Resources */ = {isa = PBXBuildFile; fileRef = 938AA81423016B130088919C /* Localizable.strings */; };
		9398D7E32276D24500EAAC3E /* AcariSans-Bold.otf in Resources */ = {isa = PBXBuildFile; fileRef = 9398D7E12276CC5E00EAAC3E /* AcariSans-Bold.otf */; };
		9398D7E42276D24500EAAC3E /* AcariSans-BoldItalic.ttf in Resources */ = {isa = PBXBuildFile; fileRef = 9398D7DF2276CC5E00EAAC3E /* AcariSans-BoldItalic.ttf */; };
		9398D7E52276D24500EAAC3E /* AcariSans-Italic.ttf in Resources */ = {isa = PBXBuildFile; fileRef = 9398D7DA2276CC5D00EAAC3E /* AcariSans-Italic.ttf */; };
		9398D7E62276D24500EAAC3E /* AcariSans-Light.ttf in Resources */ = {isa = PBXBuildFile; fileRef = 9398D7DB2276CC5D00EAAC3E /* AcariSans-Light.ttf */; };
		9398D7E72276D24500EAAC3E /* AcariSans-LightItalic.ttf in Resources */ = {isa = PBXBuildFile; fileRef = 9398D7DC2276CC5D00EAAC3E /* AcariSans-LightItalic.ttf */; };
		9398D7E82276D24500EAAC3E /* AcariSans-Medium.otf in Resources */ = {isa = PBXBuildFile; fileRef = 9398D7D92276CC5D00EAAC3E /* AcariSans-Medium.otf */; };
		9398D7E92276D24500EAAC3E /* AcariSans-MediumItalic.ttf in Resources */ = {isa = PBXBuildFile; fileRef = 9398D7DD2276CC5D00EAAC3E /* AcariSans-MediumItalic.ttf */; };
		9398D7EA2276D24500EAAC3E /* AcariSans-Regular.otf in Resources */ = {isa = PBXBuildFile; fileRef = 9398D7DE2276CC5E00EAAC3E /* AcariSans-Regular.otf */; };
		9398D7EB2276D24500EAAC3E /* AcariSans-SemiBold.ttf in Resources */ = {isa = PBXBuildFile; fileRef = 9398D7E02276CC5E00EAAC3E /* AcariSans-SemiBold.ttf */; };
		9398D7EC2276D24500EAAC3E /* AcariSans-SemiBoldItalic.ttf in Resources */ = {isa = PBXBuildFile; fileRef = 9398D7E22276CC5E00EAAC3E /* AcariSans-SemiBoldItalic.ttf */; };
		9398D7ED2276D24500EAAC3E /* Beyond Wonderland.ttf in Resources */ = {isa = PBXBuildFile; fileRef = 9398D7D72276CA6600EAAC3E /* Beyond Wonderland.ttf */; };
		93ABC95B2292D042000F3DC7 /* Model.xcdatamodeld in Sources */ = {isa = PBXBuildFile; fileRef = 93ABC9592292D042000F3DC7 /* Model.xcdatamodeld */; };
		93D3D339229525B6006871B4 /* Movie+CoreDataClass.swift in Sources */ = {isa = PBXBuildFile; fileRef = 93D3D337229525B6006871B4 /* Movie+CoreDataClass.swift */; };
		93D3D33A229525B6006871B4 /* Movie+CoreDataProperties.swift in Sources */ = {isa = PBXBuildFile; fileRef = 93D3D338229525B6006871B4 /* Movie+CoreDataProperties.swift */; };
		93E207AA2297B8C800261694 /* APIConfiguration_AF.swift in Sources */ = {isa = PBXBuildFile; fileRef = 93E207A92297B8C800261694 /* APIConfiguration_AF.swift */; };
		93E207AC2297BA8E00261694 /* MovieEndpoint_AF.swift in Sources */ = {isa = PBXBuildFile; fileRef = 93E207AB2297BA8E00261694 /* MovieEndpoint_AF.swift */; };
		93E207B22298026100261694 /* APIClient.swift in Sources */ = {isa = PBXBuildFile; fileRef = 93E207B12298026100261694 /* APIClient.swift */; };
		93E9C93E232A70AB00298A7B /* SignInPresenter.swift in Sources */ = {isa = PBXBuildFile; fileRef = 93E9C93D232A70AB00298A7B /* SignInPresenter.swift */; };
		93E9C940232A71D200298A7B /* SignUpViewController.swift in Sources */ = {isa = PBXBuildFile; fileRef = 93E9C93F232A71D200298A7B /* SignUpViewController.swift */; };
		93F3D0E92278468C001B41A2 /* Configuration1.swift in Sources */ = {isa = PBXBuildFile; fileRef = 93F3D0E82278468C001B41A2 /* Configuration1.swift */; };
		93F79EAD229EB6B100999BB7 /* NowPlayingCollectionViewCell.swift in Sources */ = {isa = PBXBuildFile; fileRef = 93F79EAC229EB6B100999BB7 /* NowPlayingCollectionViewCell.swift */; };
		C8066EAD26ADACAD00BE0472 /* MovieRepository.swift in Sources */ = {isa = PBXBuildFile; fileRef = C8066EAC26ADACAD00BE0472 /* MovieRepository.swift */; };
		C821EB4D26E11C3B00688EC9 /* UIView+CodeConcisers.swift in Sources */ = {isa = PBXBuildFile; fileRef = C821EB4C26E11C3B00688EC9 /* UIView+CodeConcisers.swift */; };
		C825196126A2A690001B29A0 /* TableViewConfigurator.swift in Sources */ = {isa = PBXBuildFile; fileRef = C825196026A2A690001B29A0 /* TableViewConfigurator.swift */; };
		C825196426A2B0DC001B29A0 /* FavouritesListConfiguration.swift in Sources */ = {isa = PBXBuildFile; fileRef = C825196326A2B0DC001B29A0 /* FavouritesListConfiguration.swift */; };
		C82DAF1F232C035B00067BE8 /* TranslationLayer.swift in Sources */ = {isa = PBXBuildFile; fileRef = C82DAF1E232C035B00067BE8 /* TranslationLayer.swift */; };
		C830EBE526E0B99B007524AA /* DashboardConfigurator.swift in Sources */ = {isa = PBXBuildFile; fileRef = C830EBE426E0B99B007524AA /* DashboardConfigurator.swift */; };
		C834AD5E271C529C006F3638 /* TransitioningDelegate.swift in Sources */ = {isa = PBXBuildFile; fileRef = C834AD5D271C529C006F3638 /* TransitioningDelegate.swift */; };
		C834AD60271C6DEF006F3638 /* FadeModalTransition.swift in Sources */ = {isa = PBXBuildFile; fileRef = C834AD5F271C6DEF006F3638 /* FadeModalTransition.swift */; };
		C8511D44246EAB6E007C4A4E /* AnimatedTabBarViewController.swift in Sources */ = {isa = PBXBuildFile; fileRef = C8511D43246EAB6E007C4A4E /* AnimatedTabBarViewController.swift */; };
		C8511D46246EAC5F007C4A4E /* MainContainerViewController.swift in Sources */ = {isa = PBXBuildFile; fileRef = C8511D45246EAC5F007C4A4E /* MainContainerViewController.swift */; };
		C8511D48246EAF4B007C4A4E /* SidebarViewController.swift in Sources */ = {isa = PBXBuildFile; fileRef = C8511D47246EAF4B007C4A4E /* SidebarViewController.swift */; };
		C8511D4A246EB216007C4A4E /* FavouriteMoviesViewController.swift in Sources */ = {isa = PBXBuildFile; fileRef = C8511D49246EB216007C4A4E /* FavouriteMoviesViewController.swift */; };
		C86B72CA241E24ED00D89ACA /* DashboardViewController.swift in Sources */ = {isa = PBXBuildFile; fileRef = C86B72C9241E24ED00D89ACA /* DashboardViewController.swift */; };
		C87B25BA231ED093001A224C /* RecentMoviesPresenter.swift in Sources */ = {isa = PBXBuildFile; fileRef = C87B25B9231ED093001A224C /* RecentMoviesPresenter.swift */; };
		C87B25BC231ED0C1001A224C /* Services.swift in Sources */ = {isa = PBXBuildFile; fileRef = C87B25BB231ED0C1001A224C /* Services.swift */; };
		C87B25BE231ED19C001A224C /* ModelLayer.swift in Sources */ = {isa = PBXBuildFile; fileRef = C87B25BD231ED19C001A224C /* ModelLayer.swift */; };
		C88D5B08270E99F800620699 /* GlassWaterLayer.swift in Sources */ = {isa = PBXBuildFile; fileRef = C88D5B07270E99F800620699 /* GlassWaterLayer.swift */; };
		C898F767238DA02E003004B8 /* ProductionCompany+CoreDataClass.swift in Sources */ = {isa = PBXBuildFile; fileRef = C898F766238DA02E003004B8 /* ProductionCompany+CoreDataClass.swift */; };
		C898F769238DA05E003004B8 /* ProductionCompany+CoreDataProperties.swift in Sources */ = {isa = PBXBuildFile; fileRef = C898F768238DA05E003004B8 /* ProductionCompany+CoreDataProperties.swift */; };
		C898F76B238DA3D0003004B8 /* ProductionCountry+CoreDataClass.swift in Sources */ = {isa = PBXBuildFile; fileRef = C898F76A238DA3D0003004B8 /* ProductionCountry+CoreDataClass.swift */; };
		C898F76D238DA411003004B8 /* ProductionCountry+CoreDataProperties.swift in Sources */ = {isa = PBXBuildFile; fileRef = C898F76C238DA411003004B8 /* ProductionCountry+CoreDataProperties.swift */; };
		C898F76F238DA6A7003004B8 /* Collection+CoreDataClass.swift in Sources */ = {isa = PBXBuildFile; fileRef = C898F76E238DA6A7003004B8 /* Collection+CoreDataClass.swift */; };
		C898F771238DA6B7003004B8 /* Collection+CoreDataProperties.swift in Sources */ = {isa = PBXBuildFile; fileRef = C898F770238DA6B6003004B8 /* Collection+CoreDataProperties.swift */; };
		C898F773238DA9C4003004B8 /* SpokenLanguage+CoreDataClass.swift in Sources */ = {isa = PBXBuildFile; fileRef = C898F772238DA9C4003004B8 /* SpokenLanguage+CoreDataClass.swift */; };
		C898F775238DA9DB003004B8 /* SpokenLanguage+CoreDataProperties.swift in Sources */ = {isa = PBXBuildFile; fileRef = C898F774238DA9DB003004B8 /* SpokenLanguage+CoreDataProperties.swift */; };
		C89D375026E4AE9B008607C0 /* SideBarTableCell.swift in Sources */ = {isa = PBXBuildFile; fileRef = C89D374E26E4AE9B008607C0 /* SideBarTableCell.swift */; };
		C89D375126E4AE9B008607C0 /* SideBarTableCell.xib in Resources */ = {isa = PBXBuildFile; fileRef = C89D374F26E4AE9B008607C0 /* SideBarTableCell.xib */; };
		C89E9F21285DAC6100B14BD0 /* SwipeableTableCellConfiguration.swift in Sources */ = {isa = PBXBuildFile; fileRef = C89E9F20285DAC6100B14BD0 /* SwipeableTableCellConfiguration.swift */; };
		C89EE2E622F67FFF00CBF839 /* MovieEndpoint.swift in Sources */ = {isa = PBXBuildFile; fileRef = C89EE2E522F67FFF00CBF839 /* MovieEndpoint.swift */; };
		C89EE2E822F6802500CBF839 /* APIConfiguration.swift in Sources */ = {isa = PBXBuildFile; fileRef = C89EE2E722F6802500CBF839 /* APIConfiguration.swift */; };
		C8AC481A270C6BD3003726DE /* SignInViewTextFieldDelegate.swift in Sources */ = {isa = PBXBuildFile; fileRef = C8AC4819270C6BD3003726DE /* SignInViewTextFieldDelegate.swift */; };
		C8AC4E5626A3499100D168C9 /* UIViewController+Top.swift in Sources */ = {isa = PBXBuildFile; fileRef = C8AC4E5526A3499100D168C9 /* UIViewController+Top.swift */; };
		C8B1C847243219E500198FB7 /* Settings.bundle in Resources */ = {isa = PBXBuildFile; fileRef = C8B1C846243219E500198FB7 /* Settings.bundle */; };
		C8B2140726A2B56600162C67 /* FavouriteMovieTableCell.swift in Sources */ = {isa = PBXBuildFile; fileRef = C8B2140526A2B56600162C67 /* FavouriteMovieTableCell.swift */; };
		C8B2140826A2B56600162C67 /* FavouriteMovieTableCell.xib in Resources */ = {isa = PBXBuildFile; fileRef = C8B2140626A2B56600162C67 /* FavouriteMovieTableCell.xib */; };
		C8B2140B26A2B61400162C67 /* UIView+Custom.swift in Sources */ = {isa = PBXBuildFile; fileRef = C8B2140A26A2B61400162C67 /* UIView+Custom.swift */; };
		C8B2141326A2C8BE00162C67 /* FavouriteMoviesPresenter.swift in Sources */ = {isa = PBXBuildFile; fileRef = C8B2141226A2C8BE00162C67 /* FavouriteMoviesPresenter.swift */; };
		C8B2141526A2ECF100162C67 /* MoviesCoreDataWorker.swift in Sources */ = {isa = PBXBuildFile; fileRef = C8B2141426A2ECF100162C67 /* MoviesCoreDataWorker.swift */; };
		C8B943F32712FDF6002C7FD4 /* Colors.xcassets in Resources */ = {isa = PBXBuildFile; fileRef = C8B943F22712FDF6002C7FD4 /* Colors.xcassets */; };
		C8CAA24C285C8AF300014C19 /* NavigationBehaviour.swift in Sources */ = {isa = PBXBuildFile; fileRef = C8CAA24B285C8AF300014C19 /* NavigationBehaviour.swift */; };
		C8CAA24E285CC97300014C19 /* CollectionViewConfigurator.swift in Sources */ = {isa = PBXBuildFile; fileRef = C8CAA24D285CC97300014C19 /* CollectionViewConfigurator.swift */; };
		C8CAA250285CCEDE00014C19 /* MovieListViewConfiguration.swift in Sources */ = {isa = PBXBuildFile; fileRef = C8CAA24F285CCEDE00014C19 /* MovieListViewConfiguration.swift */; };
		C8CAA252285CD89300014C19 /* MovieListCollectionViewCell.xib in Resources */ = {isa = PBXBuildFile; fileRef = C8CAA251285CD89300014C19 /* MovieListCollectionViewCell.xib */; };
		C8CDA096231CE82D007FE82B /* MovieListViewController.swift in Sources */ = {isa = PBXBuildFile; fileRef = C8CDA095231CE82D007FE82B /* MovieListViewController.swift */; };
		C8CDA098231D385F007FE82B /* MovieListCollectionViewCell.swift in Sources */ = {isa = PBXBuildFile; fileRef = C8CDA097231D385F007FE82B /* MovieListCollectionViewCell.swift */; };
		C8CE246D27100E2A006A371A /* MoviewTextField.swift in Sources */ = {isa = PBXBuildFile; fileRef = C8CE246C27100E2A006A371A /* MoviewTextField.swift */; };
		C8D3CE4F23562B1D00F2B88C /* MovieCollectionViewCell.swift in Sources */ = {isa = PBXBuildFile; fileRef = C8D3CE4E23562B1D00F2B88C /* MovieCollectionViewCell.swift */; };
		C8D3CE5123562D4500F2B88C /* MovieCollectionDataSource.swift in Sources */ = {isa = PBXBuildFile; fileRef = C8D3CE5023562D4500F2B88C /* MovieCollectionDataSource.swift */; };
		C8D3CE532356322F00F2B88C /* OtherMoviesPresenter.swift in Sources */ = {isa = PBXBuildFile; fileRef = C8D3CE522356322F00F2B88C /* OtherMoviesPresenter.swift */; };
		C8D85CD0246AD56900ABE380 /* FluidAnimationView.swift in Sources */ = {isa = PBXBuildFile; fileRef = C8D85CCF246AD56900ABE380 /* FluidAnimationView.swift */; };
		C8DF1A6F230F000000F4A5AB /* DataLayer.swift in Sources */ = {isa = PBXBuildFile; fileRef = C8DF1A6E230F000000F4A5AB /* DataLayer.swift */; };
		C8DF1A73230F085700F4A5AB /* RecentMoviesDataSource.swift in Sources */ = {isa = PBXBuildFile; fileRef = C8DF1A72230F085700F4A5AB /* RecentMoviesDataSource.swift */; };
		C8F64501246C276B0026AF5C /* 22219-play-the-guitar.json in Resources */ = {isa = PBXBuildFile; fileRef = C8F64500246C276B0026AF5C /* 22219-play-the-guitar.json */; };
		C8F64504246C28FE0026AF5C /* AnimatedLaunchScreenViewController.swift in Sources */ = {isa = PBXBuildFile; fileRef = C8F64503246C28FE0026AF5C /* AnimatedLaunchScreenViewController.swift */; };
		C8F77EA223033E6E00D397FF /* picture.png in Resources */ = {isa = PBXBuildFile; fileRef = C8F77EA123033E6D00D397FF /* picture.png */; };
		C8F7A8DA270D4F97009F62A0 /* SignInViewController.swift in Sources */ = {isa = PBXBuildFile; fileRef = C8F7A8D9270D4F97009F62A0 /* SignInViewController.swift */; };
		FA340C4E460D69E4D4565796 /* Pods_Moview.framework in Frameworks */ = {isa = PBXBuildFile; fileRef = 3D2CAEA06E7C3F91795FBE60 /* Pods_Moview.framework */; };
/* End PBXBuildFile section */

/* Begin PBXFileReference section */
		3D2CAEA06E7C3F91795FBE60 /* Pods_Moview.framework */ = {isa = PBXFileReference; explicitFileType = wrapper.framework; includeInIndex = 0; path = Pods_Moview.framework; sourceTree = BUILT_PRODUCTS_DIR; };
		5BBF3274D4FAFBBFD3627E0F /* Pods-Moview.debug.xcconfig */ = {isa = PBXFileReference; includeInIndex = 1; lastKnownFileType = text.xcconfig; name = "Pods-Moview.debug.xcconfig"; path = "Target Support Files/Pods-Moview/Pods-Moview.debug.xcconfig"; sourceTree = "<group>"; };
		7314DD893CDA2239E3DC9288 /* Pods-Moview.release.xcconfig */ = {isa = PBXFileReference; includeInIndex = 1; lastKnownFileType = text.xcconfig; name = "Pods-Moview.release.xcconfig"; path = "Target Support Files/Pods-Moview/Pods-Moview.release.xcconfig"; sourceTree = "<group>"; };
		930E82B8226D8672000C40E2 /* Moview.app */ = {isa = PBXFileReference; explicitFileType = wrapper.application; includeInIndex = 0; path = Moview.app; sourceTree = BUILT_PRODUCTS_DIR; };
		930E82BB226D8672000C40E2 /* AppDelegate.swift */ = {isa = PBXFileReference; lastKnownFileType = sourcecode.swift; path = AppDelegate.swift; sourceTree = "<group>"; };
		930E82C0226D8672000C40E2 /* Base */ = {isa = PBXFileReference; lastKnownFileType = file.storyboard; name = Base; path = Base.lproj/SignedOut.storyboard; sourceTree = "<group>"; };
		930E82C2226D8675000C40E2 /* Assets.xcassets */ = {isa = PBXFileReference; lastKnownFileType = folder.assetcatalog; path = Assets.xcassets; sourceTree = "<group>"; };
		930E82C5226D8675000C40E2 /* Base */ = {isa = PBXFileReference; lastKnownFileType = file.storyboard; name = Base; path = Base.lproj/LaunchScreen.storyboard; sourceTree = "<group>"; };
		930E82C7226D8675000C40E2 /* Info.plist */ = {isa = PBXFileReference; lastKnownFileType = text.plist.xml; path = Info.plist; sourceTree = "<group>"; };
		930E82E1226DA0CE000C40E2 /* Service.swift */ = {isa = PBXFileReference; fileEncoding = 4; lastKnownFileType = sourcecode.swift; path = Service.swift; sourceTree = "<group>"; };
		930E82E4226DA315000C40E2 /* Constants.swift */ = {isa = PBXFileReference; lastKnownFileType = sourcecode.swift; path = Constants.swift; sourceTree = "<group>"; };
		930E82E6226DA498000C40E2 /* Keys.swift */ = {isa = PBXFileReference; lastKnownFileType = sourcecode.swift; path = Keys.swift; sourceTree = "<group>"; };
		930E82FC226DBCC5000C40E2 /* UIView+Constraints.swift */ = {isa = PBXFileReference; fileEncoding = 4; lastKnownFileType = sourcecode.swift; path = "UIView+Constraints.swift"; sourceTree = "<group>"; };
		930E82FD226DBCC5000C40E2 /* Miscellaneous.swift */ = {isa = PBXFileReference; fileEncoding = 4; lastKnownFileType = sourcecode.swift; path = Miscellaneous.swift; sourceTree = "<group>"; };
		930E8302226DCCCB000C40E2 /* UIFont+AppFont.swift */ = {isa = PBXFileReference; lastKnownFileType = sourcecode.swift; path = "UIFont+AppFont.swift"; sourceTree = "<group>"; };
		930E8304226DCD4F000C40E2 /* UIColor+AppColors.swift */ = {isa = PBXFileReference; lastKnownFileType = sourcecode.swift; path = "UIColor+AppColors.swift"; sourceTree = "<group>"; };
		930E8306226DCD97000C40E2 /* String+Subscripts.swift */ = {isa = PBXFileReference; lastKnownFileType = sourcecode.swift; path = "String+Subscripts.swift"; sourceTree = "<group>"; };
		930E8308226DCE35000C40E2 /* UIButton+Customization.swift */ = {isa = PBXFileReference; lastKnownFileType = sourcecode.swift; path = "UIButton+Customization.swift"; sourceTree = "<group>"; };
		930E830A226DD049000C40E2 /* ApplicationManager.swift */ = {isa = PBXFileReference; fileEncoding = 4; lastKnownFileType = sourcecode.swift; path = ApplicationManager.swift; sourceTree = "<group>"; };
		930E830D226DD084000C40E2 /* Pulse.swift */ = {isa = PBXFileReference; fileEncoding = 4; lastKnownFileType = sourcecode.swift; path = Pulse.swift; sourceTree = "<group>"; };
		930E830F226DD084000C40E2 /* RAMCameraAnimation.swift */ = {isa = PBXFileReference; fileEncoding = 4; lastKnownFileType = sourcecode.swift; path = RAMCameraAnimation.swift; sourceTree = "<group>"; };
		930E8310226DD084000C40E2 /* RAMPointUpAnimation.swift */ = {isa = PBXFileReference; fileEncoding = 4; lastKnownFileType = sourcecode.swift; path = RAMPointUpAnimation.swift; sourceTree = "<group>"; };
		930E8311226DD084000C40E2 /* RAMPointDownAnimation.swift */ = {isa = PBXFileReference; fileEncoding = 4; lastKnownFileType = sourcecode.swift; path = RAMPointDownAnimation.swift; sourceTree = "<group>"; };
		930E8313226DD084000C40E2 /* LaunchViewTransition.swift */ = {isa = PBXFileReference; fileEncoding = 4; lastKnownFileType = sourcecode.swift; path = LaunchViewTransition.swift; sourceTree = "<group>"; };
		930E8319226DDCA2000C40E2 /* Navigation.swift */ = {isa = PBXFileReference; lastKnownFileType = sourcecode.swift; path = Navigation.swift; sourceTree = "<group>"; };
		930E831B226DDF17000C40E2 /* Main.storyboard */ = {isa = PBXFileReference; lastKnownFileType = file.storyboard; path = Main.storyboard; sourceTree = "<group>"; };
		932176D322FA8E2A0079F524 /* CodableHelpers.swift */ = {isa = PBXFileReference; lastKnownFileType = sourcecode.swift; path = CodableHelpers.swift; sourceTree = "<group>"; };
		933973032357482500C92C77 /* MovieDetailViewPresenter.swift */ = {isa = PBXFileReference; lastKnownFileType = sourcecode.swift; path = MovieDetailViewPresenter.swift; sourceTree = "<group>"; };
		933DC4CE22F80C9A001F32D3 /* MoviesResponse.swift */ = {isa = PBXFileReference; lastKnownFileType = sourcecode.swift; path = MoviesResponse.swift; sourceTree = "<group>"; };
		9346E924227079E200BE2B08 /* CustomNavigationBar.swift */ = {isa = PBXFileReference; lastKnownFileType = sourcecode.swift; path = CustomNavigationBar.swift; sourceTree = "<group>"; };
		9346E92622707A0800BE2B08 /* CustomNavigationBar.xib */ = {isa = PBXFileReference; lastKnownFileType = file.xib; path = CustomNavigationBar.xib; sourceTree = "<group>"; };
		9346FB602294301E0092025D /* CoreData.framework */ = {isa = PBXFileReference; lastKnownFileType = wrapper.framework; name = CoreData.framework; path = System/Library/Frameworks/CoreData.framework; sourceTree = SDKROOT; };
		9356E91323043AF700DAC336 /* ReachabilityManager.swift */ = {isa = PBXFileReference; fileEncoding = 4; lastKnownFileType = sourcecode.swift; path = ReachabilityManager.swift; sourceTree = "<group>"; };
		936B60B7230E98E000F49902 /* OtherMovieCollectionViewCell.swift */ = {isa = PBXFileReference; lastKnownFileType = sourcecode.swift; path = OtherMovieCollectionViewCell.swift; sourceTree = "<group>"; };
		936B60B9230EA43500F49902 /* SectionHeader.swift */ = {isa = PBXFileReference; lastKnownFileType = sourcecode.swift; path = SectionHeader.swift; sourceTree = "<group>"; };
		936B60BB230EB06500F49902 /* OtherMoviesDataSource.swift */ = {isa = PBXFileReference; lastKnownFileType = sourcecode.swift; path = OtherMoviesDataSource.swift; sourceTree = "<group>"; };
		938AA80B2301673F0088919C /* MovieDetailViewController.swift */ = {isa = PBXFileReference; lastKnownFileType = sourcecode.swift; path = MovieDetailViewController.swift; sourceTree = "<group>"; };
		938AA80D23016ABE0088919C /* hi */ = {isa = PBXFileReference; lastKnownFileType = text.plist.strings; name = hi; path = hi.lproj/SignedOut.strings; sourceTree = "<group>"; };
		938AA80E23016ABE0088919C /* hi */ = {isa = PBXFileReference; lastKnownFileType = text.plist.strings; name = hi; path = hi.lproj/LaunchScreen.strings; sourceTree = "<group>"; };
		938AA81323016B130088919C /* hi */ = {isa = PBXFileReference; lastKnownFileType = text.plist.strings; name = hi; path = hi.lproj/Localizable.strings; sourceTree = "<group>"; };
		938AA81523016B180088919C /* en */ = {isa = PBXFileReference; lastKnownFileType = text.plist.strings; name = en; path = en.lproj/Localizable.strings; sourceTree = "<group>"; };
		9398D7D72276CA6600EAAC3E /* Beyond Wonderland.ttf */ = {isa = PBXFileReference; lastKnownFileType = file; path = "Beyond Wonderland.ttf"; sourceTree = "<group>"; };
		9398D7D92276CC5D00EAAC3E /* AcariSans-Medium.otf */ = {isa = PBXFileReference; lastKnownFileType = file; path = "AcariSans-Medium.otf"; sourceTree = "<group>"; };
		9398D7DA2276CC5D00EAAC3E /* AcariSans-Italic.ttf */ = {isa = PBXFileReference; lastKnownFileType = file; path = "AcariSans-Italic.ttf"; sourceTree = "<group>"; };
		9398D7DB2276CC5D00EAAC3E /* AcariSans-Light.ttf */ = {isa = PBXFileReference; lastKnownFileType = file; path = "AcariSans-Light.ttf"; sourceTree = "<group>"; };
		9398D7DC2276CC5D00EAAC3E /* AcariSans-LightItalic.ttf */ = {isa = PBXFileReference; lastKnownFileType = file; path = "AcariSans-LightItalic.ttf"; sourceTree = "<group>"; };
		9398D7DD2276CC5D00EAAC3E /* AcariSans-MediumItalic.ttf */ = {isa = PBXFileReference; lastKnownFileType = file; path = "AcariSans-MediumItalic.ttf"; sourceTree = "<group>"; };
		9398D7DE2276CC5E00EAAC3E /* AcariSans-Regular.otf */ = {isa = PBXFileReference; lastKnownFileType = file; path = "AcariSans-Regular.otf"; sourceTree = "<group>"; };
		9398D7DF2276CC5E00EAAC3E /* AcariSans-BoldItalic.ttf */ = {isa = PBXFileReference; lastKnownFileType = file; path = "AcariSans-BoldItalic.ttf"; sourceTree = "<group>"; };
		9398D7E02276CC5E00EAAC3E /* AcariSans-SemiBold.ttf */ = {isa = PBXFileReference; lastKnownFileType = file; path = "AcariSans-SemiBold.ttf"; sourceTree = "<group>"; };
		9398D7E12276CC5E00EAAC3E /* AcariSans-Bold.otf */ = {isa = PBXFileReference; lastKnownFileType = file; path = "AcariSans-Bold.otf"; sourceTree = "<group>"; };
		9398D7E22276CC5E00EAAC3E /* AcariSans-SemiBoldItalic.ttf */ = {isa = PBXFileReference; lastKnownFileType = file; path = "AcariSans-SemiBoldItalic.ttf"; sourceTree = "<group>"; };
		93ABC95A2292D042000F3DC7 /* Model.xcdatamodel */ = {isa = PBXFileReference; lastKnownFileType = wrapper.xcdatamodel; path = Model.xcdatamodel; sourceTree = "<group>"; };
		93B4411522F2FC84006F5BED /* SystemConfiguration.framework */ = {isa = PBXFileReference; lastKnownFileType = wrapper.framework; name = SystemConfiguration.framework; path = System/Library/Frameworks/SystemConfiguration.framework; sourceTree = SDKROOT; };
		93D3D337229525B6006871B4 /* Movie+CoreDataClass.swift */ = {isa = PBXFileReference; lastKnownFileType = sourcecode.swift; path = "Movie+CoreDataClass.swift"; sourceTree = "<group>"; };
		93D3D338229525B6006871B4 /* Movie+CoreDataProperties.swift */ = {isa = PBXFileReference; lastKnownFileType = sourcecode.swift; path = "Movie+CoreDataProperties.swift"; sourceTree = "<group>"; };
		93E207A92297B8C800261694 /* APIConfiguration_AF.swift */ = {isa = PBXFileReference; lastKnownFileType = sourcecode.swift; path = APIConfiguration_AF.swift; sourceTree = "<group>"; };
		93E207AB2297BA8E00261694 /* MovieEndpoint_AF.swift */ = {isa = PBXFileReference; lastKnownFileType = sourcecode.swift; path = MovieEndpoint_AF.swift; sourceTree = "<group>"; };
		93E207B12298026100261694 /* APIClient.swift */ = {isa = PBXFileReference; lastKnownFileType = sourcecode.swift; path = APIClient.swift; sourceTree = "<group>"; };
		93E9C93D232A70AB00298A7B /* SignInPresenter.swift */ = {isa = PBXFileReference; lastKnownFileType = sourcecode.swift; path = SignInPresenter.swift; sourceTree = "<group>"; };
		93E9C93F232A71D200298A7B /* SignUpViewController.swift */ = {isa = PBXFileReference; lastKnownFileType = sourcecode.swift; path = SignUpViewController.swift; sourceTree = "<group>"; };
		93F3D0E82278468C001B41A2 /* Configuration1.swift */ = {isa = PBXFileReference; lastKnownFileType = sourcecode.swift; path = Configuration1.swift; sourceTree = "<group>"; };
		93F79EAC229EB6B100999BB7 /* NowPlayingCollectionViewCell.swift */ = {isa = PBXFileReference; lastKnownFileType = sourcecode.swift; path = NowPlayingCollectionViewCell.swift; sourceTree = "<group>"; };
		C8066EAC26ADACAD00BE0472 /* MovieRepository.swift */ = {isa = PBXFileReference; lastKnownFileType = sourcecode.swift; path = MovieRepository.swift; sourceTree = "<group>"; };
		C821EB4C26E11C3B00688EC9 /* UIView+CodeConcisers.swift */ = {isa = PBXFileReference; lastKnownFileType = sourcecode.swift; path = "UIView+CodeConcisers.swift"; sourceTree = "<group>"; };
		C825196026A2A690001B29A0 /* TableViewConfigurator.swift */ = {isa = PBXFileReference; lastKnownFileType = sourcecode.swift; path = TableViewConfigurator.swift; sourceTree = "<group>"; };
		C825196326A2B0DC001B29A0 /* FavouritesListConfiguration.swift */ = {isa = PBXFileReference; lastKnownFileType = sourcecode.swift; path = FavouritesListConfiguration.swift; sourceTree = "<group>"; };
		C82DAF1E232C035B00067BE8 /* TranslationLayer.swift */ = {isa = PBXFileReference; lastKnownFileType = sourcecode.swift; path = TranslationLayer.swift; sourceTree = "<group>"; };
		C830EBE426E0B99B007524AA /* DashboardConfigurator.swift */ = {isa = PBXFileReference; lastKnownFileType = sourcecode.swift; path = DashboardConfigurator.swift; sourceTree = "<group>"; };
		C834AD5D271C529C006F3638 /* TransitioningDelegate.swift */ = {isa = PBXFileReference; lastKnownFileType = sourcecode.swift; path = TransitioningDelegate.swift; sourceTree = "<group>"; };
		C834AD5F271C6DEF006F3638 /* FadeModalTransition.swift */ = {isa = PBXFileReference; lastKnownFileType = sourcecode.swift; path = FadeModalTransition.swift; sourceTree = "<group>"; };
		C8511D43246EAB6E007C4A4E /* AnimatedTabBarViewController.swift */ = {isa = PBXFileReference; lastKnownFileType = sourcecode.swift; path = AnimatedTabBarViewController.swift; sourceTree = "<group>"; };
		C8511D45246EAC5F007C4A4E /* MainContainerViewController.swift */ = {isa = PBXFileReference; lastKnownFileType = sourcecode.swift; path = MainContainerViewController.swift; sourceTree = "<group>"; };
		C8511D47246EAF4B007C4A4E /* SidebarViewController.swift */ = {isa = PBXFileReference; lastKnownFileType = sourcecode.swift; path = SidebarViewController.swift; sourceTree = "<group>"; };
		C8511D49246EB216007C4A4E /* FavouriteMoviesViewController.swift */ = {isa = PBXFileReference; lastKnownFileType = sourcecode.swift; path = FavouriteMoviesViewController.swift; sourceTree = "<group>"; };
		C86B72C9241E24ED00D89ACA /* DashboardViewController.swift */ = {isa = PBXFileReference; fileEncoding = 4; lastKnownFileType = sourcecode.swift; path = DashboardViewController.swift; sourceTree = "<group>"; };
		C87B25B9231ED093001A224C /* RecentMoviesPresenter.swift */ = {isa = PBXFileReference; lastKnownFileType = sourcecode.swift; path = RecentMoviesPresenter.swift; sourceTree = "<group>"; };
		C87B25BB231ED0C1001A224C /* Services.swift */ = {isa = PBXFileReference; lastKnownFileType = sourcecode.swift; path = Services.swift; sourceTree = "<group>"; };
		C87B25BD231ED19C001A224C /* ModelLayer.swift */ = {isa = PBXFileReference; lastKnownFileType = sourcecode.swift; path = ModelLayer.swift; sourceTree = "<group>"; };
		C88D5B07270E99F800620699 /* GlassWaterLayer.swift */ = {isa = PBXFileReference; lastKnownFileType = sourcecode.swift; path = GlassWaterLayer.swift; sourceTree = "<group>"; };
		C898F766238DA02E003004B8 /* ProductionCompany+CoreDataClass.swift */ = {isa = PBXFileReference; lastKnownFileType = sourcecode.swift; path = "ProductionCompany+CoreDataClass.swift"; sourceTree = "<group>"; };
		C898F768238DA05E003004B8 /* ProductionCompany+CoreDataProperties.swift */ = {isa = PBXFileReference; lastKnownFileType = sourcecode.swift; path = "ProductionCompany+CoreDataProperties.swift"; sourceTree = "<group>"; };
		C898F76A238DA3D0003004B8 /* ProductionCountry+CoreDataClass.swift */ = {isa = PBXFileReference; lastKnownFileType = sourcecode.swift; path = "ProductionCountry+CoreDataClass.swift"; sourceTree = "<group>"; };
		C898F76C238DA411003004B8 /* ProductionCountry+CoreDataProperties.swift */ = {isa = PBXFileReference; lastKnownFileType = sourcecode.swift; path = "ProductionCountry+CoreDataProperties.swift"; sourceTree = "<group>"; };
		C898F76E238DA6A7003004B8 /* Collection+CoreDataClass.swift */ = {isa = PBXFileReference; lastKnownFileType = sourcecode.swift; path = "Collection+CoreDataClass.swift"; sourceTree = "<group>"; };
		C898F770238DA6B6003004B8 /* Collection+CoreDataProperties.swift */ = {isa = PBXFileReference; lastKnownFileType = sourcecode.swift; path = "Collection+CoreDataProperties.swift"; sourceTree = "<group>"; };
		C898F772238DA9C4003004B8 /* SpokenLanguage+CoreDataClass.swift */ = {isa = PBXFileReference; lastKnownFileType = sourcecode.swift; path = "SpokenLanguage+CoreDataClass.swift"; sourceTree = "<group>"; };
		C898F774238DA9DB003004B8 /* SpokenLanguage+CoreDataProperties.swift */ = {isa = PBXFileReference; lastKnownFileType = sourcecode.swift; path = "SpokenLanguage+CoreDataProperties.swift"; sourceTree = "<group>"; };
		C89D374E26E4AE9B008607C0 /* SideBarTableCell.swift */ = {isa = PBXFileReference; lastKnownFileType = sourcecode.swift; path = SideBarTableCell.swift; sourceTree = "<group>"; };
		C89D374F26E4AE9B008607C0 /* SideBarTableCell.xib */ = {isa = PBXFileReference; lastKnownFileType = file.xib; path = SideBarTableCell.xib; sourceTree = "<group>"; };
		C89E9F20285DAC6100B14BD0 /* SwipeableTableCellConfiguration.swift */ = {isa = PBXFileReference; lastKnownFileType = sourcecode.swift; path = SwipeableTableCellConfiguration.swift; sourceTree = "<group>"; };
		C89EE2E522F67FFF00CBF839 /* MovieEndpoint.swift */ = {isa = PBXFileReference; lastKnownFileType = sourcecode.swift; path = MovieEndpoint.swift; sourceTree = "<group>"; };
		C89EE2E722F6802500CBF839 /* APIConfiguration.swift */ = {isa = PBXFileReference; lastKnownFileType = sourcecode.swift; path = APIConfiguration.swift; sourceTree = "<group>"; };
		C8AC4819270C6BD3003726DE /* SignInViewTextFieldDelegate.swift */ = {isa = PBXFileReference; lastKnownFileType = sourcecode.swift; path = SignInViewTextFieldDelegate.swift; sourceTree = "<group>"; };
		C8AC4E5526A3499100D168C9 /* UIViewController+Top.swift */ = {isa = PBXFileReference; lastKnownFileType = sourcecode.swift; path = "UIViewController+Top.swift"; sourceTree = "<group>"; };
		C8B1C846243219E500198FB7 /* Settings.bundle */ = {isa = PBXFileReference; lastKnownFileType = "wrapper.plug-in"; path = Settings.bundle; sourceTree = "<group>"; };
		C8B1C848243240F700198FB7 /* Moview.entitlements */ = {isa = PBXFileReference; lastKnownFileType = text.plist.entitlements; path = Moview.entitlements; sourceTree = "<group>"; };
		C8B1C849243240F800198FB7 /* HealthKit.framework */ = {isa = PBXFileReference; lastKnownFileType = wrapper.framework; name = HealthKit.framework; path = System/Library/Frameworks/HealthKit.framework; sourceTree = SDKROOT; };
		C8B2140526A2B56600162C67 /* FavouriteMovieTableCell.swift */ = {isa = PBXFileReference; lastKnownFileType = sourcecode.swift; path = FavouriteMovieTableCell.swift; sourceTree = "<group>"; };
		C8B2140626A2B56600162C67 /* FavouriteMovieTableCell.xib */ = {isa = PBXFileReference; lastKnownFileType = file.xib; path = FavouriteMovieTableCell.xib; sourceTree = "<group>"; };
		C8B2140A26A2B61400162C67 /* UIView+Custom.swift */ = {isa = PBXFileReference; lastKnownFileType = sourcecode.swift; path = "UIView+Custom.swift"; sourceTree = "<group>"; };
		C8B2141226A2C8BE00162C67 /* FavouriteMoviesPresenter.swift */ = {isa = PBXFileReference; lastKnownFileType = sourcecode.swift; path = FavouriteMoviesPresenter.swift; sourceTree = "<group>"; };
		C8B2141426A2ECF100162C67 /* MoviesCoreDataWorker.swift */ = {isa = PBXFileReference; lastKnownFileType = sourcecode.swift; path = MoviesCoreDataWorker.swift; sourceTree = "<group>"; };
		C8B943F22712FDF6002C7FD4 /* Colors.xcassets */ = {isa = PBXFileReference; lastKnownFileType = folder.assetcatalog; path = Colors.xcassets; sourceTree = "<group>"; };
		C8CAA24B285C8AF300014C19 /* NavigationBehaviour.swift */ = {isa = PBXFileReference; lastKnownFileType = sourcecode.swift; path = NavigationBehaviour.swift; sourceTree = "<group>"; };
		C8CAA24D285CC97300014C19 /* CollectionViewConfigurator.swift */ = {isa = PBXFileReference; lastKnownFileType = sourcecode.swift; path = CollectionViewConfigurator.swift; sourceTree = "<group>"; };
		C8CAA24F285CCEDE00014C19 /* MovieListViewConfiguration.swift */ = {isa = PBXFileReference; lastKnownFileType = sourcecode.swift; path = MovieListViewConfiguration.swift; sourceTree = "<group>"; };
		C8CAA251285CD89300014C19 /* MovieListCollectionViewCell.xib */ = {isa = PBXFileReference; lastKnownFileType = file.xib; path = MovieListCollectionViewCell.xib; sourceTree = "<group>"; };
		C8CDA095231CE82D007FE82B /* MovieListViewController.swift */ = {isa = PBXFileReference; lastKnownFileType = sourcecode.swift; path = MovieListViewController.swift; sourceTree = "<group>"; };
		C8CDA097231D385F007FE82B /* MovieListCollectionViewCell.swift */ = {isa = PBXFileReference; lastKnownFileType = sourcecode.swift; path = MovieListCollectionViewCell.swift; sourceTree = "<group>"; };
		C8CE246C27100E2A006A371A /* MoviewTextField.swift */ = {isa = PBXFileReference; lastKnownFileType = sourcecode.swift; path = MoviewTextField.swift; sourceTree = "<group>"; };
		C8D3CE4E23562B1D00F2B88C /* MovieCollectionViewCell.swift */ = {isa = PBXFileReference; lastKnownFileType = sourcecode.swift; path = MovieCollectionViewCell.swift; sourceTree = "<group>"; };
		C8D3CE5023562D4500F2B88C /* MovieCollectionDataSource.swift */ = {isa = PBXFileReference; lastKnownFileType = sourcecode.swift; path = MovieCollectionDataSource.swift; sourceTree = "<group>"; };
		C8D3CE522356322F00F2B88C /* OtherMoviesPresenter.swift */ = {isa = PBXFileReference; lastKnownFileType = sourcecode.swift; path = OtherMoviesPresenter.swift; sourceTree = "<group>"; };
		C8D85CCF246AD56900ABE380 /* FluidAnimationView.swift */ = {isa = PBXFileReference; lastKnownFileType = sourcecode.swift; path = FluidAnimationView.swift; sourceTree = "<group>"; };
		C8DF1A6E230F000000F4A5AB /* DataLayer.swift */ = {isa = PBXFileReference; lastKnownFileType = sourcecode.swift; path = DataLayer.swift; sourceTree = "<group>"; };
		C8DF1A72230F085700F4A5AB /* RecentMoviesDataSource.swift */ = {isa = PBXFileReference; lastKnownFileType = sourcecode.swift; path = RecentMoviesDataSource.swift; sourceTree = "<group>"; };
		C8F64500246C276B0026AF5C /* 22219-play-the-guitar.json */ = {isa = PBXFileReference; fileEncoding = 4; lastKnownFileType = text.json; path = "22219-play-the-guitar.json"; sourceTree = "<group>"; };
		C8F64503246C28FE0026AF5C /* AnimatedLaunchScreenViewController.swift */ = {isa = PBXFileReference; lastKnownFileType = sourcecode.swift; path = AnimatedLaunchScreenViewController.swift; sourceTree = "<group>"; };
		C8F77EA123033E6D00D397FF /* picture.png */ = {isa = PBXFileReference; lastKnownFileType = image.png; path = picture.png; sourceTree = "<group>"; };
		C8F7A8D9270D4F97009F62A0 /* SignInViewController.swift */ = {isa = PBXFileReference; fileEncoding = 4; lastKnownFileType = sourcecode.swift; path = SignInViewController.swift; sourceTree = "<group>"; };
/* End PBXFileReference section */

/* Begin PBXFrameworksBuildPhase section */
		930E82B5226D8672000C40E2 /* Frameworks */ = {
			isa = PBXFrameworksBuildPhase;
			buildActionMask = 2147483647;
			files = (
				9346FB612294301E0092025D /* CoreData.framework in Frameworks */,
				FA340C4E460D69E4D4565796 /* Pods_Moview.framework in Frameworks */,
			);
			runOnlyForDeploymentPostprocessing = 0;
		};
/* End PBXFrameworksBuildPhase section */

/* Begin PBXGroup section */
		7361CEB10D0DAD53B99A1042 /* Pods */ = {
			isa = PBXGroup;
			children = (
				5BBF3274D4FAFBBFD3627E0F /* Pods-Moview.debug.xcconfig */,
				7314DD893CDA2239E3DC9288 /* Pods-Moview.release.xcconfig */,
			);
			path = Pods;
			sourceTree = "<group>";
		};
		930E82AF226D8672000C40E2 = {
			isa = PBXGroup;
			children = (
				C8B1C846243219E500198FB7 /* Settings.bundle */,
				930E82BA226D8672000C40E2 /* Moview */,
				930E82B9226D8672000C40E2 /* Products */,
				DCFEECF514F781F42E1BC527 /* Frameworks */,
				7361CEB10D0DAD53B99A1042 /* Pods */,
				C86B72C8241E13D100D89ACA /* Recovered References */,
			);
			sourceTree = "<group>";
		};
		930E82B9226D8672000C40E2 /* Products */ = {
			isa = PBXGroup;
			children = (
				930E82B8226D8672000C40E2 /* Moview.app */,
			);
			name = Products;
			sourceTree = "<group>";
		};
		930E82BA226D8672000C40E2 /* Moview */ = {
			isa = PBXGroup;
			children = (
				C8CAA24A285C8ACB00014C19 /* Behaviours */,
				C8B1C848243240F700198FB7 /* Moview.entitlements */,
				C825195F26A2A64E001B29A0 /* Configurator */,
				9398D7D62276CA5900EAAC3E /* Resources */,
				93F3D0E722784669001B41A2 /* ModelLayer */,
				9346E9232270799100BE2B08 /* CustomViews */,
				9346E920227078D600BE2B08 /* Modules */,
				9346E91F227078BE00BE2B08 /* Utilities */,
				9346E91E2270705D00BE2B08 /* Navigation */,
				930E830C226DD084000C40E2 /* Animations */,
				930E8301226DBCFC000C40E2 /* Destringers */,
				930E82FB226DBCB8000C40E2 /* Extensions */,
				930E82BB226D8672000C40E2 /* AppDelegate.swift */,
				930E82E4226DA315000C40E2 /* Constants.swift */,
				C8B943F22712FDF6002C7FD4 /* Colors.xcassets */,
				930E82C2226D8675000C40E2 /* Assets.xcassets */,
				930E82C7226D8675000C40E2 /* Info.plist */,
			);
			path = Moview;
			sourceTree = "<group>";
		};
		930E82FB226DBCB8000C40E2 /* Extensions */ = {
			isa = PBXGroup;
			children = (
				C821EB4E26E11C4000688EC9 /* UIView */,
				930E82FD226DBCC5000C40E2 /* Miscellaneous.swift */,
				930E8302226DCCCB000C40E2 /* UIFont+AppFont.swift */,
				930E8304226DCD4F000C40E2 /* UIColor+AppColors.swift */,
				930E8306226DCD97000C40E2 /* String+Subscripts.swift */,
				930E8308226DCE35000C40E2 /* UIButton+Customization.swift */,
			);
			path = Extensions;
			sourceTree = "<group>";
		};
		930E8300226DBCD8000C40E2 /* NetworkLayer */ = {
			isa = PBXGroup;
			children = (
				C89EE2E422F67FC000CBF839 /* UsingURLSession */,
				C89EE2E922F6826800CBF839 /* UsingAlamofire */,
			);
			path = NetworkLayer;
			sourceTree = "<group>";
		};
		930E8301226DBCFC000C40E2 /* Destringers */ = {
			isa = PBXGroup;
			children = (
				930E82E6226DA498000C40E2 /* Keys.swift */,
			);
			path = Destringers;
			sourceTree = "<group>";
		};
		930E830C226DD084000C40E2 /* Animations */ = {
			isa = PBXGroup;
			children = (
				930E830D226DD084000C40E2 /* Pulse.swift */,
				930E830E226DD084000C40E2 /* BottomBar */,
				930E8312226DD084000C40E2 /* ViewControllerTransitions */,
			);
			path = Animations;
			sourceTree = "<group>";
		};
		930E830E226DD084000C40E2 /* BottomBar */ = {
			isa = PBXGroup;
			children = (
				930E830F226DD084000C40E2 /* RAMCameraAnimation.swift */,
				930E8310226DD084000C40E2 /* RAMPointUpAnimation.swift */,
				930E8311226DD084000C40E2 /* RAMPointDownAnimation.swift */,
			);
			path = BottomBar;
			sourceTree = "<group>";
		};
		930E8312226DD084000C40E2 /* ViewControllerTransitions */ = {
			isa = PBXGroup;
			children = (
				930E8313226DD084000C40E2 /* LaunchViewTransition.swift */,
				C834AD5D271C529C006F3638 /* TransitioningDelegate.swift */,
				C834AD5F271C6DEF006F3638 /* FadeModalTransition.swift */,
			);
			path = ViewControllerTransitions;
			sourceTree = "<group>";
		};
		932176D222FA8DFB0079F524 /* ModelHelpers */ = {
			isa = PBXGroup;
			children = (
				932176D322FA8E2A0079F524 /* CodableHelpers.swift */,
			);
			path = ModelHelpers;
			sourceTree = "<group>";
		};
		933DC4CD22F80C7F001F32D3 /* Responses */ = {
			isa = PBXGroup;
			children = (
				933DC4CE22F80C9A001F32D3 /* MoviesResponse.swift */,
			);
			path = Responses;
			sourceTree = "<group>";
		};
		9346E91E2270705D00BE2B08 /* Navigation */ = {
			isa = PBXGroup;
			children = (
				930E8319226DDCA2000C40E2 /* Navigation.swift */,
			);
			path = Navigation;
			sourceTree = "<group>";
		};
		9346E91F227078BE00BE2B08 /* Utilities */ = {
			isa = PBXGroup;
			children = (
				930E830A226DD049000C40E2 /* ApplicationManager.swift */,
			);
			path = Utilities;
			sourceTree = "<group>";
		};
		9346E920227078D600BE2B08 /* Modules */ = {
			isa = PBXGroup;
			children = (
				C89C4FB3246D41CE005A056C /* LaunchScreen */,
				9346E922227078F600BE2B08 /* Main */,
				9346E921227078E900BE2B08 /* Registration */,
			);
			path = Modules;
			sourceTree = "<group>";
		};
		9346E921227078E900BE2B08 /* Registration */ = {
			isa = PBXGroup;
			children = (
				C8F7A8D9270D4F97009F62A0 /* SignInViewController.swift */,
				C8AC4817270C6BB1003726DE /* Extras */,
				930E82BF226D8672000C40E2 /* SignedOut.storyboard */,
				93E9C93D232A70AB00298A7B /* SignInPresenter.swift */,
				93E9C93F232A71D200298A7B /* SignUpViewController.swift */,
			);
			path = Registration;
			sourceTree = "<group>";
		};
		9346E922227078F600BE2B08 /* Main */ = {
			isa = PBXGroup;
			children = (
				C825196526A2B41B001B29A0 /* Favourites */,
				C8CDA099231D3941007FE82B /* MovieDetail */,
				C8CDA094231CE7F6007FE82B /* MovieList */,
				C8DF1A71230F082400F4A5AB /* Dashboard */,
				930E831B226DDF17000C40E2 /* Main.storyboard */,
				C8511D43246EAB6E007C4A4E /* AnimatedTabBarViewController.swift */,
				C8511D45246EAC5F007C4A4E /* MainContainerViewController.swift */,
				C8511D47246EAF4B007C4A4E /* SidebarViewController.swift */,
				C89D374926E4AD76008607C0 /* SideBar */,
			);
			path = Main;
			sourceTree = "<group>";
		};
		9346E9232270799100BE2B08 /* CustomViews */ = {
			isa = PBXGroup;
			children = (
				C8AC4E5726A34DA100D168C9 /* NavigationBar */,
				93F79EAB229EB65A00999BB7 /* CollectionViewCell */,
				C8D85CCF246AD56900ABE380 /* FluidAnimationView.swift */,
				C88D5B07270E99F800620699 /* GlassWaterLayer.swift */,
				C8CE246C27100E2A006A371A /* MoviewTextField.swift */,
			);
			path = CustomViews;
			sourceTree = "<group>";
		};
		938AA80F23016AE30088919C /* Strings */ = {
			isa = PBXGroup;
			children = (
				938AA81423016B130088919C /* Localizable.strings */,
			);
			path = Strings;
			sourceTree = "<group>";
		};
		9398D7D62276CA5900EAAC3E /* Resources */ = {
			isa = PBXGroup;
			children = (
				C8F64500246C276B0026AF5C /* 22219-play-the-guitar.json */,
				C8F77EA123033E6D00D397FF /* picture.png */,
				938AA80F23016AE30088919C /* Strings */,
				9398D7D82276CC4F00EAAC3E /* Fonts */,
			);
			path = Resources;
			sourceTree = "<group>";
		};
		9398D7D82276CC4F00EAAC3E /* Fonts */ = {
			isa = PBXGroup;
			children = (
				9398D7E12276CC5E00EAAC3E /* AcariSans-Bold.otf */,
				9398D7DF2276CC5E00EAAC3E /* AcariSans-BoldItalic.ttf */,
				9398D7DA2276CC5D00EAAC3E /* AcariSans-Italic.ttf */,
				9398D7DB2276CC5D00EAAC3E /* AcariSans-Light.ttf */,
				9398D7DC2276CC5D00EAAC3E /* AcariSans-LightItalic.ttf */,
				9398D7D92276CC5D00EAAC3E /* AcariSans-Medium.otf */,
				9398D7DD2276CC5D00EAAC3E /* AcariSans-MediumItalic.ttf */,
				9398D7DE2276CC5E00EAAC3E /* AcariSans-Regular.otf */,
				9398D7E02276CC5E00EAAC3E /* AcariSans-SemiBold.ttf */,
				9398D7E22276CC5E00EAAC3E /* AcariSans-SemiBoldItalic.ttf */,
				9398D7D72276CA6600EAAC3E /* Beyond Wonderland.ttf */,
			);
			path = Fonts;
			sourceTree = "<group>";
		};
		93F3D0E722784669001B41A2 /* ModelLayer */ = {
			isa = PBXGroup;
			children = (
				C82DAF1D232C02DC00067BE8 /* TranslationLayer */,
				930E8300226DBCD8000C40E2 /* NetworkLayer */,
				C8DF1A6D230EFFB000F4A5AB /* DataLayer */,
				932176D222FA8DFB0079F524 /* ModelHelpers */,
				93F3D0E82278468C001B41A2 /* Configuration1.swift */,
				C87B25BD231ED19C001A224C /* ModelLayer.swift */,
			);
			path = ModelLayer;
			sourceTree = "<group>";
		};
		93F79EAB229EB65A00999BB7 /* CollectionViewCell */ = {
			isa = PBXGroup;
			children = (
				93F79EAC229EB6B100999BB7 /* NowPlayingCollectionViewCell.swift */,
				936B60B7230E98E000F49902 /* OtherMovieCollectionViewCell.swift */,
				936B60B9230EA43500F49902 /* SectionHeader.swift */,
				C8CDA097231D385F007FE82B /* MovieListCollectionViewCell.swift */,
				C8D3CE4E23562B1D00F2B88C /* MovieCollectionViewCell.swift */,
				C8CAA251285CD89300014C19 /* MovieListCollectionViewCell.xib */,
			);
			path = CollectionViewCell;
			sourceTree = "<group>";
		};
		C8066EAB26ADAC9C00BE0472 /* Repository */ = {
			isa = PBXGroup;
			children = (
				C8066EAC26ADACAD00BE0472 /* MovieRepository.swift */,
			);
			path = Repository;
			sourceTree = "<group>";
		};
		C821EB4E26E11C4000688EC9 /* UIView */ = {
			isa = PBXGroup;
			children = (
				930E82FC226DBCC5000C40E2 /* UIView+Constraints.swift */,
				C821EB4C26E11C3B00688EC9 /* UIView+CodeConcisers.swift */,
				C8AC4E5526A3499100D168C9 /* UIViewController+Top.swift */,
				C8B2140A26A2B61400162C67 /* UIView+Custom.swift */,
			);
			path = UIView;
			sourceTree = "<group>";
		};
		C825195F26A2A64E001B29A0 /* Configurator */ = {
			isa = PBXGroup;
			children = (
				C825196026A2A690001B29A0 /* TableViewConfigurator.swift */,
				C8CAA24D285CC97300014C19 /* CollectionViewConfigurator.swift */,
			);
			path = Configurator;
			sourceTree = "<group>";
		};
		C825196226A2B0C8001B29A0 /* Configurations */ = {
			isa = PBXGroup;
			children = (
				C825196326A2B0DC001B29A0 /* FavouritesListConfiguration.swift */,
				C89E9F20285DAC6100B14BD0 /* SwipeableTableCellConfiguration.swift */,
			);
			path = Configurations;
			sourceTree = "<group>";
		};
		C825196526A2B41B001B29A0 /* Favourites */ = {
			isa = PBXGroup;
			children = (
				C8B2140C26A2C87D00162C67 /* Presenter */,
				C825196226A2B0C8001B29A0 /* Configurations */,
				C825196626A2B427001B29A0 /* View */,
			);
			path = Favourites;
			sourceTree = "<group>";
		};
		C825196626A2B427001B29A0 /* View */ = {
			isa = PBXGroup;
			children = (
				C8B2140426A2B54300162C67 /* TableCell */,
				C8511D49246EB216007C4A4E /* FavouriteMoviesViewController.swift */,
			);
			path = View;
			sourceTree = "<group>";
		};
		C82DAF1D232C02DC00067BE8 /* TranslationLayer */ = {
			isa = PBXGroup;
			children = (
				C82DAF1E232C035B00067BE8 /* TranslationLayer.swift */,
			);
			path = TranslationLayer;
			sourceTree = "<group>";
		};
		C86B72C8241E13D100D89ACA /* Recovered References */ = {
			isa = PBXGroup;
			children = (
			);
			name = "Recovered References";
			sourceTree = "<group>";
		};
		C87B25B6231ECDD4001A224C /* Helpers */ = {
			isa = PBXGroup;
			children = (
				C89EE2E722F6802500CBF839 /* APIConfiguration.swift */,
				9356E91323043AF700DAC336 /* ReachabilityManager.swift */,
			);
			path = Helpers;
			sourceTree = "<group>";
		};
		C87B25B8231ECF8A001A224C /* CoreData */ = {
			isa = PBXGroup;
			children = (
				93ABC9592292D042000F3DC7 /* Model.xcdatamodeld */,
				93D3D337229525B6006871B4 /* Movie+CoreDataClass.swift */,
				93D3D338229525B6006871B4 /* Movie+CoreDataProperties.swift */,
				C898F766238DA02E003004B8 /* ProductionCompany+CoreDataClass.swift */,
				C898F768238DA05E003004B8 /* ProductionCompany+CoreDataProperties.swift */,
				C898F76A238DA3D0003004B8 /* ProductionCountry+CoreDataClass.swift */,
				C898F76C238DA411003004B8 /* ProductionCountry+CoreDataProperties.swift */,
				C898F76E238DA6A7003004B8 /* Collection+CoreDataClass.swift */,
				C898F770238DA6B6003004B8 /* Collection+CoreDataProperties.swift */,
				C898F772238DA9C4003004B8 /* SpokenLanguage+CoreDataClass.swift */,
				C898F774238DA9DB003004B8 /* SpokenLanguage+CoreDataProperties.swift */,
			);
			path = CoreData;
			sourceTree = "<group>";
		};
		C89C4FB3246D41CE005A056C /* LaunchScreen */ = {
			isa = PBXGroup;
			children = (
				C8F64503246C28FE0026AF5C /* AnimatedLaunchScreenViewController.swift */,
				930E82C4226D8675000C40E2 /* LaunchScreen.storyboard */,
			);
			path = LaunchScreen;
			sourceTree = "<group>";
		};
		C89D374926E4AD76008607C0 /* SideBar */ = {
			isa = PBXGroup;
			children = (
				C89D374A26E4AD80008607C0 /* Views */,
			);
			path = SideBar;
			sourceTree = "<group>";
		};
		C89D374A26E4AD80008607C0 /* Views */ = {
			isa = PBXGroup;
			children = (
				C89D374B26E4AD88008607C0 /* TableViewCells */,
			);
			path = Views;
			sourceTree = "<group>";
		};
		C89D374B26E4AD88008607C0 /* TableViewCells */ = {
			isa = PBXGroup;
			children = (
				C89D374E26E4AE9B008607C0 /* SideBarTableCell.swift */,
				C89D374F26E4AE9B008607C0 /* SideBarTableCell.xib */,
			);
			path = TableViewCells;
			sourceTree = "<group>";
		};
		C89EE2E422F67FC000CBF839 /* UsingURLSession */ = {
			isa = PBXGroup;
			children = (
				933DC4CD22F80C7F001F32D3 /* Responses */,
				C87B25B6231ECDD4001A224C /* Helpers */,
				C8DF1A70230F058500F4A5AB /* RequestGenerators */,
				C87B25BB231ED0C1001A224C /* Services.swift */,
			);
			path = UsingURLSession;
			sourceTree = "<group>";
		};
		C89EE2E922F6826800CBF839 /* UsingAlamofire */ = {
			isa = PBXGroup;
			children = (
				930E82E1226DA0CE000C40E2 /* Service.swift */,
				93E207A92297B8C800261694 /* APIConfiguration_AF.swift */,
				93E207AB2297BA8E00261694 /* MovieEndpoint_AF.swift */,
				93E207B12298026100261694 /* APIClient.swift */,
			);
			path = UsingAlamofire;
			sourceTree = "<group>";
		};
		C8AC4817270C6BB1003726DE /* Extras */ = {
			isa = PBXGroup;
			children = (
				C8AC4818270C6BB9003726DE /* Delegates */,
			);
			path = Extras;
			sourceTree = "<group>";
		};
		C8AC4818270C6BB9003726DE /* Delegates */ = {
			isa = PBXGroup;
			children = (
				C8AC4819270C6BD3003726DE /* SignInViewTextFieldDelegate.swift */,
			);
			path = Delegates;
			sourceTree = "<group>";
		};
		C8AC4E5726A34DA100D168C9 /* NavigationBar */ = {
			isa = PBXGroup;
			children = (
				9346E924227079E200BE2B08 /* CustomNavigationBar.swift */,
				9346E92622707A0800BE2B08 /* CustomNavigationBar.xib */,
			);
			path = NavigationBar;
			sourceTree = "<group>";
		};
		C8B2140426A2B54300162C67 /* TableCell */ = {
			isa = PBXGroup;
			children = (
				C8B2140526A2B56600162C67 /* FavouriteMovieTableCell.swift */,
				C8B2140626A2B56600162C67 /* FavouriteMovieTableCell.xib */,
			);
			path = TableCell;
			sourceTree = "<group>";
		};
		C8B2140C26A2C87D00162C67 /* Presenter */ = {
			isa = PBXGroup;
			children = (
				C8B2141226A2C8BE00162C67 /* FavouriteMoviesPresenter.swift */,
			);
			path = Presenter;
			sourceTree = "<group>";
		};
		C8CAA24A285C8ACB00014C19 /* Behaviours */ = {
			isa = PBXGroup;
			children = (
				C8CAA24B285C8AF300014C19 /* NavigationBehaviour.swift */,
			);
			path = Behaviours;
			sourceTree = "<group>";
		};
		C8CAA253285CDF3500014C19 /* Configuration */ = {
			isa = PBXGroup;
			children = (
				C8CAA24F285CCEDE00014C19 /* MovieListViewConfiguration.swift */,
			);
			path = Configuration;
			sourceTree = "<group>";
		};
		C8CDA094231CE7F6007FE82B /* MovieList */ = {
			isa = PBXGroup;
			children = (
				C8CAA253285CDF3500014C19 /* Configuration */,
				C8CDA095231CE82D007FE82B /* MovieListViewController.swift */,
			);
			path = MovieList;
			sourceTree = "<group>";
		};
		C8CDA099231D3941007FE82B /* MovieDetail */ = {
			isa = PBXGroup;
			children = (
				938AA80B2301673F0088919C /* MovieDetailViewController.swift */,
				933973032357482500C92C77 /* MovieDetailViewPresenter.swift */,
			);
			path = MovieDetail;
			sourceTree = "<group>";
		};
		C8DC2E4E26E12DCF0077CFE1 /* Presenters */ = {
			isa = PBXGroup;
			children = (
				C8D3CE522356322F00F2B88C /* OtherMoviesPresenter.swift */,
				C87B25B9231ED093001A224C /* RecentMoviesPresenter.swift */,
			);
			path = Presenters;
			sourceTree = "<group>";
		};
		C8DC2E5126E12E520077CFE1 /* Configurator */ = {
			isa = PBXGroup;
			children = (
				C830EBE426E0B99B007524AA /* DashboardConfigurator.swift */,
			);
			path = Configurator;
			sourceTree = "<group>";
		};
		C8DC2E5226E12E610077CFE1 /* DataSources */ = {
			isa = PBXGroup;
			children = (
				936B60BB230EB06500F49902 /* OtherMoviesDataSource.swift */,
				C8D3CE5023562D4500F2B88C /* MovieCollectionDataSource.swift */,
				C8DF1A72230F085700F4A5AB /* RecentMoviesDataSource.swift */,
			);
			path = DataSources;
			sourceTree = "<group>";
		};
		C8DF1A6D230EFFB000F4A5AB /* DataLayer */ = {
			isa = PBXGroup;
			children = (
				C8066EAB26ADAC9C00BE0472 /* Repository */,
				C87B25B8231ECF8A001A224C /* CoreData */,
				C8DF1A6E230F000000F4A5AB /* DataLayer.swift */,
				C8B2141426A2ECF100162C67 /* MoviesCoreDataWorker.swift */,
			);
			path = DataLayer;
			sourceTree = "<group>";
		};
		C8DF1A70230F058500F4A5AB /* RequestGenerators */ = {
			isa = PBXGroup;
			children = (
				C89EE2E522F67FFF00CBF839 /* MovieEndpoint.swift */,
			);
			path = RequestGenerators;
			sourceTree = "<group>";
		};
		C8DF1A71230F082400F4A5AB /* Dashboard */ = {
			isa = PBXGroup;
			children = (
				C8DC2E5226E12E610077CFE1 /* DataSources */,
				C8DC2E5126E12E520077CFE1 /* Configurator */,
				C8DC2E4E26E12DCF0077CFE1 /* Presenters */,
				C86B72C9241E24ED00D89ACA /* DashboardViewController.swift */,
			);
			path = Dashboard;
			sourceTree = "<group>";
		};
		DCFEECF514F781F42E1BC527 /* Frameworks */ = {
			isa = PBXGroup;
			children = (
				C8B1C849243240F800198FB7 /* HealthKit.framework */,
				93B4411522F2FC84006F5BED /* SystemConfiguration.framework */,
				9346FB602294301E0092025D /* CoreData.framework */,
				3D2CAEA06E7C3F91795FBE60 /* Pods_Moview.framework */,
			);
			name = Frameworks;
			sourceTree = "<group>";
		};
/* End PBXGroup section */

/* Begin PBXNativeTarget section */
		930E82B7226D8672000C40E2 /* Moview */ = {
			isa = PBXNativeTarget;
			buildConfigurationList = 930E82CA226D8675000C40E2 /* Build configuration list for PBXNativeTarget "Moview" */;
			buildPhases = (
				9DC3EB0D9D9906DB826AD0F2 /* [CP] Check Pods Manifest.lock */,
				930E82B4226D8672000C40E2 /* Sources */,
				930E82B5226D8672000C40E2 /* Frameworks */,
				930E82B6226D8672000C40E2 /* Resources */,
				F8332726D7211999C89E981F /* [CP] Embed Pods Frameworks */,
			);
			buildRules = (
			);
			dependencies = (
			);
			name = Moview;
			productName = Moview;
			productReference = 930E82B8226D8672000C40E2 /* Moview.app */;
			productType = "com.apple.product-type.application";
		};
/* End PBXNativeTarget section */

/* Begin PBXProject section */
		930E82B0226D8672000C40E2 /* Project object */ = {
			isa = PBXProject;
			attributes = {
				LastSwiftUpdateCheck = 1010;
				LastUpgradeCheck = 1010;
				ORGANIZATIONNAME = Shubham;
				TargetAttributes = {
					930E82B7226D8672000C40E2 = {
						CreatedOnToolsVersion = 10.1;
					};
				};
			};
			buildConfigurationList = 930E82B3226D8672000C40E2 /* Build configuration list for PBXProject "Moview" */;
			compatibilityVersion = "Xcode 9.3";
			developmentRegion = en;
			hasScannedForEncodings = 0;
			knownRegions = (
				en,
				Base,
				hi,
			);
			mainGroup = 930E82AF226D8672000C40E2;
			productRefGroup = 930E82B9226D8672000C40E2 /* Products */;
			projectDirPath = "";
			projectRoot = "";
			targets = (
				930E82B7226D8672000C40E2 /* Moview */,
			);
		};
/* End PBXProject section */

/* Begin PBXResourcesBuildPhase section */
		930E82B6226D8672000C40E2 /* Resources */ = {
			isa = PBXResourcesBuildPhase;
			buildActionMask = 2147483647;
			files = (
				938AA81223016B130088919C /* Localizable.strings in Resources */,
				C8B1C847243219E500198FB7 /* Settings.bundle in Resources */,
				9398D7E32276D24500EAAC3E /* AcariSans-Bold.otf in Resources */,
				9398D7E42276D24500EAAC3E /* AcariSans-BoldItalic.ttf in Resources */,
				C8B2140826A2B56600162C67 /* FavouriteMovieTableCell.xib in Resources */,
				9398D7E52276D24500EAAC3E /* AcariSans-Italic.ttf in Resources */,
				9398D7E62276D24500EAAC3E /* AcariSans-Light.ttf in Resources */,
				9398D7E72276D24500EAAC3E /* AcariSans-LightItalic.ttf in Resources */,
				9398D7E82276D24500EAAC3E /* AcariSans-Medium.otf in Resources */,
				9398D7E92276D24500EAAC3E /* AcariSans-MediumItalic.ttf in Resources */,
				C8F77EA223033E6E00D397FF /* picture.png in Resources */,
				C8CAA252285CD89300014C19 /* MovieListCollectionViewCell.xib in Resources */,
				9398D7EA2276D24500EAAC3E /* AcariSans-Regular.otf in Resources */,
				9398D7EB2276D24500EAAC3E /* AcariSans-SemiBold.ttf in Resources */,
				9398D7EC2276D24500EAAC3E /* AcariSans-SemiBoldItalic.ttf in Resources */,
				C8B943F32712FDF6002C7FD4 /* Colors.xcassets in Resources */,
				9398D7ED2276D24500EAAC3E /* Beyond Wonderland.ttf in Resources */,
				930E82C6226D8675000C40E2 /* LaunchScreen.storyboard in Resources */,
				9346E92722707A0800BE2B08 /* CustomNavigationBar.xib in Resources */,
				C8F64501246C276B0026AF5C /* 22219-play-the-guitar.json in Resources */,
				930E82C3226D8675000C40E2 /* Assets.xcassets in Resources */,
				930E82C1226D8672000C40E2 /* SignedOut.storyboard in Resources */,
				930E831C226DDF17000C40E2 /* Main.storyboard in Resources */,
				C89D375126E4AE9B008607C0 /* SideBarTableCell.xib in Resources */,
			);
			runOnlyForDeploymentPostprocessing = 0;
		};
/* End PBXResourcesBuildPhase section */

/* Begin PBXShellScriptBuildPhase section */
		9DC3EB0D9D9906DB826AD0F2 /* [CP] Check Pods Manifest.lock */ = {
			isa = PBXShellScriptBuildPhase;
			buildActionMask = 2147483647;
			files = (
			);
			inputFileListPaths = (
			);
			inputPaths = (
				"${PODS_PODFILE_DIR_PATH}/Podfile.lock",
				"${PODS_ROOT}/Manifest.lock",
			);
			name = "[CP] Check Pods Manifest.lock";
			outputFileListPaths = (
			);
			outputPaths = (
				"$(DERIVED_FILE_DIR)/Pods-Moview-checkManifestLockResult.txt",
			);
			runOnlyForDeploymentPostprocessing = 0;
			shellPath = /bin/sh;
			shellScript = "diff \"${PODS_PODFILE_DIR_PATH}/Podfile.lock\" \"${PODS_ROOT}/Manifest.lock\" > /dev/null\nif [ $? != 0 ] ; then\n    # print error to STDERR\n    echo \"error: The sandbox is not in sync with the Podfile.lock. Run 'pod install' or update your CocoaPods installation.\" >&2\n    exit 1\nfi\n# This output is used by Xcode 'outputs' to avoid re-running this script phase.\necho \"SUCCESS\" > \"${SCRIPT_OUTPUT_FILE_0}\"\n";
			showEnvVarsInLog = 0;
		};
		F8332726D7211999C89E981F /* [CP] Embed Pods Frameworks */ = {
			isa = PBXShellScriptBuildPhase;
			buildActionMask = 2147483647;
			files = (
			);
			inputFileListPaths = (
				"${PODS_ROOT}/Target Support Files/Pods-Moview/Pods-Moview-frameworks-${CONFIGURATION}-input-files.xcfilelist",
			);
			name = "[CP] Embed Pods Frameworks";
			outputFileListPaths = (
				"${PODS_ROOT}/Target Support Files/Pods-Moview/Pods-Moview-frameworks-${CONFIGURATION}-output-files.xcfilelist",
			);
			runOnlyForDeploymentPostprocessing = 0;
			shellPath = /bin/sh;
			shellScript = "\"${PODS_ROOT}/Target Support Files/Pods-Moview/Pods-Moview-frameworks.sh\"\n";
			showEnvVarsInLog = 0;
		};
/* End PBXShellScriptBuildPhase section */

/* Begin PBXSourcesBuildPhase section */
		930E82B4226D8672000C40E2 /* Sources */ = {
			isa = PBXSourcesBuildPhase;
			buildActionMask = 2147483647;
			files = (
				C8AC481A270C6BD3003726DE /* SignInViewTextFieldDelegate.swift in Sources */,
				93E9C940232A71D200298A7B /* SignUpViewController.swift in Sources */,
				C898F767238DA02E003004B8 /* ProductionCompany+CoreDataClass.swift in Sources */,
				C8F64504246C28FE0026AF5C /* AnimatedLaunchScreenViewController.swift in Sources */,
				93F79EAD229EB6B100999BB7 /* NowPlayingCollectionViewCell.swift in Sources */,
				93F3D0E92278468C001B41A2 /* Configuration1.swift in Sources */,
				93ABC95B2292D042000F3DC7 /* Model.xcdatamodeld in Sources */,
				933973042357482500C92C77 /* MovieDetailViewPresenter.swift in Sources */,
				930E82E5226DA315000C40E2 /* Constants.swift in Sources */,
				C8CAA24C285C8AF300014C19 /* NavigationBehaviour.swift in Sources */,
				C86B72CA241E24ED00D89ACA /* DashboardViewController.swift in Sources */,
				93E9C93E232A70AB00298A7B /* SignInPresenter.swift in Sources */,
				930E8315226DD084000C40E2 /* RAMCameraAnimation.swift in Sources */,
				930E8307226DCD97000C40E2 /* String+Subscripts.swift in Sources */,
				C898F76B238DA3D0003004B8 /* ProductionCountry+CoreDataClass.swift in Sources */,
				C830EBE526E0B99B007524AA /* DashboardConfigurator.swift in Sources */,
				930E8316226DD084000C40E2 /* RAMPointUpAnimation.swift in Sources */,
				C89EE2E822F6802500CBF839 /* APIConfiguration.swift in Sources */,
				C8CAA250285CCEDE00014C19 /* MovieListViewConfiguration.swift in Sources */,
				C8B2140B26A2B61400162C67 /* UIView+Custom.swift in Sources */,
				930E82E7226DA498000C40E2 /* Keys.swift in Sources */,
				C87B25BA231ED093001A224C /* RecentMoviesPresenter.swift in Sources */,
				C834AD5E271C529C006F3638 /* TransitioningDelegate.swift in Sources */,
				C87B25BE231ED19C001A224C /* ModelLayer.swift in Sources */,
				C834AD60271C6DEF006F3638 /* FadeModalTransition.swift in Sources */,
				930E8303226DCCCB000C40E2 /* UIFont+AppFont.swift in Sources */,
				C8AC4E5626A3499100D168C9 /* UIViewController+Top.swift in Sources */,
				C825196426A2B0DC001B29A0 /* FavouritesListConfiguration.swift in Sources */,
				9346E925227079E200BE2B08 /* CustomNavigationBar.swift in Sources */,
				C8511D46246EAC5F007C4A4E /* MainContainerViewController.swift in Sources */,
				C8D3CE532356322F00F2B88C /* OtherMoviesPresenter.swift in Sources */,
				C8CDA096231CE82D007FE82B /* MovieListViewController.swift in Sources */,
				C89D375026E4AE9B008607C0 /* SideBarTableCell.swift in Sources */,
				930E8305226DCD4F000C40E2 /* UIColor+AppColors.swift in Sources */,
				932176D422FA8E2A0079F524 /* CodableHelpers.swift in Sources */,
				C87B25BC231ED0C1001A224C /* Services.swift in Sources */,
				C898F769238DA05E003004B8 /* ProductionCompany+CoreDataProperties.swift in Sources */,
				C8511D4A246EB216007C4A4E /* FavouriteMoviesViewController.swift in Sources */,
				C8066EAD26ADACAD00BE0472 /* MovieRepository.swift in Sources */,
				930E8317226DD084000C40E2 /* RAMPointDownAnimation.swift in Sources */,
				C898F76D238DA411003004B8 /* ProductionCountry+CoreDataProperties.swift in Sources */,
				C8CE246D27100E2A006A371A /* MoviewTextField.swift in Sources */,
				C8DF1A73230F085700F4A5AB /* RecentMoviesDataSource.swift in Sources */,
				C8511D48246EAF4B007C4A4E /* SidebarViewController.swift in Sources */,
				C8D3CE5123562D4500F2B88C /* MovieCollectionDataSource.swift in Sources */,
				C8CAA24E285CC97300014C19 /* CollectionViewConfigurator.swift in Sources */,
				936B60BC230EB06500F49902 /* OtherMoviesDataSource.swift in Sources */,
				930E831A226DDCA2000C40E2 /* Navigation.swift in Sources */,
				930E82FF226DBCC5000C40E2 /* Miscellaneous.swift in Sources */,
				9356E91423043B0A00DAC336 /* ReachabilityManager.swift in Sources */,
				C898F76F238DA6A7003004B8 /* Collection+CoreDataClass.swift in Sources */,
				C8B2140726A2B56600162C67 /* FavouriteMovieTableCell.swift in Sources */,
				930E8309226DCE35000C40E2 /* UIButton+Customization.swift in Sources */,
				C8CDA098231D385F007FE82B /* MovieListCollectionViewCell.swift in Sources */,
				C82DAF1F232C035B00067BE8 /* TranslationLayer.swift in Sources */,
				C89E9F21285DAC6100B14BD0 /* SwipeableTableCellConfiguration.swift in Sources */,
				93D3D33A229525B6006871B4 /* Movie+CoreDataProperties.swift in Sources */,
				C89EE2E622F67FFF00CBF839 /* MovieEndpoint.swift in Sources */,
				93E207AC2297BA8E00261694 /* MovieEndpoint_AF.swift in Sources */,
				C8B2141326A2C8BE00162C67 /* FavouriteMoviesPresenter.swift in Sources */,
				C821EB4D26E11C3B00688EC9 /* UIView+CodeConcisers.swift in Sources */,
				93D3D339229525B6006871B4 /* Movie+CoreDataClass.swift in Sources */,
				930E82FE226DBCC5000C40E2 /* UIView+Constraints.swift in Sources */,
				C825196126A2A690001B29A0 /* TableViewConfigurator.swift in Sources */,
				C88D5B08270E99F800620699 /* GlassWaterLayer.swift in Sources */,
				C8F7A8DA270D4F97009F62A0 /* SignInViewController.swift in Sources */,
				930E830B226DD049000C40E2 /* ApplicationManager.swift in Sources */,
				C8DF1A6F230F000000F4A5AB /* DataLayer.swift in Sources */,
				C898F773238DA9C4003004B8 /* SpokenLanguage+CoreDataClass.swift in Sources */,
				930E82E3226DA0CE000C40E2 /* Service.swift in Sources */,
				93E207AA2297B8C800261694 /* APIConfiguration_AF.swift in Sources */,
				936B60B8230E98E000F49902 /* OtherMovieCollectionViewCell.swift in Sources */,
				C898F775238DA9DB003004B8 /* SpokenLanguage+CoreDataProperties.swift in Sources */,
				930E8318226DD084000C40E2 /* LaunchViewTransition.swift in Sources */,
				930E8314226DD084000C40E2 /* Pulse.swift in Sources */,
				C8511D44246EAB6E007C4A4E /* AnimatedTabBarViewController.swift in Sources */,
				C8B2141526A2ECF100162C67 /* MoviesCoreDataWorker.swift in Sources */,
				C8D85CD0246AD56900ABE380 /* FluidAnimationView.swift in Sources */,
				C898F771238DA6B7003004B8 /* Collection+CoreDataProperties.swift in Sources */,
				930E82BC226D8672000C40E2 /* AppDelegate.swift in Sources */,
				936B60BA230EA43500F49902 /* SectionHeader.swift in Sources */,
				93E207B22298026100261694 /* APIClient.swift in Sources */,
				C8D3CE4F23562B1D00F2B88C /* MovieCollectionViewCell.swift in Sources */,
				938AA80C2301673F0088919C /* MovieDetailViewController.swift in Sources */,
				933DC4CF22F80C9A001F32D3 /* MoviesResponse.swift in Sources */,
			);
			runOnlyForDeploymentPostprocessing = 0;
		};
/* End PBXSourcesBuildPhase section */

/* Begin PBXVariantGroup section */
		930E82BF226D8672000C40E2 /* SignedOut.storyboard */ = {
			isa = PBXVariantGroup;
			children = (
				930E82C0226D8672000C40E2 /* Base */,
				938AA80D23016ABE0088919C /* hi */,
			);
			name = SignedOut.storyboard;
			sourceTree = "<group>";
		};
		930E82C4226D8675000C40E2 /* LaunchScreen.storyboard */ = {
			isa = PBXVariantGroup;
			children = (
				930E82C5226D8675000C40E2 /* Base */,
				938AA80E23016ABE0088919C /* hi */,
			);
			name = LaunchScreen.storyboard;
			sourceTree = "<group>";
		};
		938AA81423016B130088919C /* Localizable.strings */ = {
			isa = PBXVariantGroup;
			children = (
				938AA81323016B130088919C /* hi */,
				938AA81523016B180088919C /* en */,
			);
			name = Localizable.strings;
			sourceTree = "<group>";
		};
/* End PBXVariantGroup section */

/* Begin XCBuildConfiguration section */
		930E82C8226D8675000C40E2 /* Debug */ = {
			isa = XCBuildConfiguration;
			buildSettings = {
				ALWAYS_SEARCH_USER_PATHS = NO;
				CLANG_ANALYZER_LOCALIZABILITY_NONLOCALIZED = YES;
				CLANG_ANALYZER_NONNULL = YES;
				CLANG_ANALYZER_NUMBER_OBJECT_CONVERSION = YES_AGGRESSIVE;
				CLANG_CXX_LANGUAGE_STANDARD = "gnu++14";
				CLANG_CXX_LIBRARY = "libc++";
				CLANG_ENABLE_MODULES = YES;
				CLANG_ENABLE_OBJC_ARC = YES;
				CLANG_ENABLE_OBJC_WEAK = YES;
				CLANG_WARN_BLOCK_CAPTURE_AUTORELEASING = YES;
				CLANG_WARN_BOOL_CONVERSION = YES;
				CLANG_WARN_COMMA = YES;
				CLANG_WARN_CONSTANT_CONVERSION = YES;
				CLANG_WARN_DEPRECATED_OBJC_IMPLEMENTATIONS = YES;
				CLANG_WARN_DIRECT_OBJC_ISA_USAGE = YES_ERROR;
				CLANG_WARN_DOCUMENTATION_COMMENTS = YES;
				CLANG_WARN_EMPTY_BODY = YES;
				CLANG_WARN_ENUM_CONVERSION = YES;
				CLANG_WARN_INFINITE_RECURSION = YES;
				CLANG_WARN_INT_CONVERSION = YES;
				CLANG_WARN_NON_LITERAL_NULL_CONVERSION = YES;
				CLANG_WARN_OBJC_IMPLICIT_RETAIN_SELF = YES;
				CLANG_WARN_OBJC_LITERAL_CONVERSION = YES;
				CLANG_WARN_OBJC_ROOT_CLASS = YES_ERROR;
				CLANG_WARN_RANGE_LOOP_ANALYSIS = YES;
				CLANG_WARN_STRICT_PROTOTYPES = YES;
				CLANG_WARN_SUSPICIOUS_MOVE = YES;
				CLANG_WARN_UNGUARDED_AVAILABILITY = YES_AGGRESSIVE;
				CLANG_WARN_UNREACHABLE_CODE = YES;
				CLANG_WARN__DUPLICATE_METHOD_MATCH = YES;
				CODE_SIGN_IDENTITY = "iPhone Developer";
				COPY_PHASE_STRIP = NO;
				DEBUG_INFORMATION_FORMAT = dwarf;
				ENABLE_STRICT_OBJC_MSGSEND = YES;
				ENABLE_TESTABILITY = YES;
				GCC_C_LANGUAGE_STANDARD = gnu11;
				GCC_DYNAMIC_NO_PIC = NO;
				GCC_NO_COMMON_BLOCKS = YES;
				GCC_OPTIMIZATION_LEVEL = 0;
				GCC_PREPROCESSOR_DEFINITIONS = (
					"DEBUG=1",
					"$(inherited)",
				);
				GCC_WARN_64_TO_32_BIT_CONVERSION = YES;
				GCC_WARN_ABOUT_RETURN_TYPE = YES_ERROR;
				GCC_WARN_UNDECLARED_SELECTOR = YES;
				GCC_WARN_UNINITIALIZED_AUTOS = YES_AGGRESSIVE;
				GCC_WARN_UNUSED_FUNCTION = YES;
				GCC_WARN_UNUSED_VARIABLE = YES;
				IPHONEOS_DEPLOYMENT_TARGET = 12.0;
				MTL_ENABLE_DEBUG_INFO = INCLUDE_SOURCE;
				MTL_FAST_MATH = YES;
				ONLY_ACTIVE_ARCH = YES;
				SDKROOT = iphoneos;
				SWIFT_ACTIVE_COMPILATION_CONDITIONS = DEBUG;
				SWIFT_OPTIMIZATION_LEVEL = "-Onone";
			};
			name = Debug;
		};
		930E82C9226D8675000C40E2 /* Release */ = {
			isa = XCBuildConfiguration;
			buildSettings = {
				ALWAYS_SEARCH_USER_PATHS = NO;
				CLANG_ANALYZER_LOCALIZABILITY_NONLOCALIZED = YES;
				CLANG_ANALYZER_NONNULL = YES;
				CLANG_ANALYZER_NUMBER_OBJECT_CONVERSION = YES_AGGRESSIVE;
				CLANG_CXX_LANGUAGE_STANDARD = "gnu++14";
				CLANG_CXX_LIBRARY = "libc++";
				CLANG_ENABLE_MODULES = YES;
				CLANG_ENABLE_OBJC_ARC = YES;
				CLANG_ENABLE_OBJC_WEAK = YES;
				CLANG_WARN_BLOCK_CAPTURE_AUTORELEASING = YES;
				CLANG_WARN_BOOL_CONVERSION = YES;
				CLANG_WARN_COMMA = YES;
				CLANG_WARN_CONSTANT_CONVERSION = YES;
				CLANG_WARN_DEPRECATED_OBJC_IMPLEMENTATIONS = YES;
				CLANG_WARN_DIRECT_OBJC_ISA_USAGE = YES_ERROR;
				CLANG_WARN_DOCUMENTATION_COMMENTS = YES;
				CLANG_WARN_EMPTY_BODY = YES;
				CLANG_WARN_ENUM_CONVERSION = YES;
				CLANG_WARN_INFINITE_RECURSION = YES;
				CLANG_WARN_INT_CONVERSION = YES;
				CLANG_WARN_NON_LITERAL_NULL_CONVERSION = YES;
				CLANG_WARN_OBJC_IMPLICIT_RETAIN_SELF = YES;
				CLANG_WARN_OBJC_LITERAL_CONVERSION = YES;
				CLANG_WARN_OBJC_ROOT_CLASS = YES_ERROR;
				CLANG_WARN_RANGE_LOOP_ANALYSIS = YES;
				CLANG_WARN_STRICT_PROTOTYPES = YES;
				CLANG_WARN_SUSPICIOUS_MOVE = YES;
				CLANG_WARN_UNGUARDED_AVAILABILITY = YES_AGGRESSIVE;
				CLANG_WARN_UNREACHABLE_CODE = YES;
				CLANG_WARN__DUPLICATE_METHOD_MATCH = YES;
				CODE_SIGN_IDENTITY = "iPhone Developer";
				COPY_PHASE_STRIP = NO;
				DEBUG_INFORMATION_FORMAT = "dwarf-with-dsym";
				ENABLE_NS_ASSERTIONS = NO;
				ENABLE_STRICT_OBJC_MSGSEND = YES;
				GCC_C_LANGUAGE_STANDARD = gnu11;
				GCC_NO_COMMON_BLOCKS = YES;
				GCC_WARN_64_TO_32_BIT_CONVERSION = YES;
				GCC_WARN_ABOUT_RETURN_TYPE = YES_ERROR;
				GCC_WARN_UNDECLARED_SELECTOR = YES;
				GCC_WARN_UNINITIALIZED_AUTOS = YES_AGGRESSIVE;
				GCC_WARN_UNUSED_FUNCTION = YES;
				GCC_WARN_UNUSED_VARIABLE = YES;
				IPHONEOS_DEPLOYMENT_TARGET = 12.0;
				MTL_ENABLE_DEBUG_INFO = NO;
				MTL_FAST_MATH = YES;
				SDKROOT = iphoneos;
				SWIFT_COMPILATION_MODE = wholemodule;
				SWIFT_OPTIMIZATION_LEVEL = "-O";
				VALIDATE_PRODUCT = YES;
			};
			name = Release;
		};
		930E82CB226D8675000C40E2 /* Debug */ = {
			isa = XCBuildConfiguration;
			baseConfigurationReference = 5BBF3274D4FAFBBFD3627E0F /* Pods-Moview.debug.xcconfig */;
			buildSettings = {
				ASSETCATALOG_COMPILER_APPICON_NAME = AppIcon;
				CODE_SIGN_ENTITLEMENTS = Moview/Moview.entitlements;
				CODE_SIGN_IDENTITY = "Apple Development";
				CODE_SIGN_STYLE = Automatic;
				DEVELOPMENT_TEAM = 5VK968CZZ6;
				FRAMEWORK_SEARCH_PATHS = "$(inherited)";
				INFOPLIST_FILE = Moview/Info.plist;
				IPHONEOS_DEPLOYMENT_TARGET = 13.0;
				LD_RUNPATH_SEARCH_PATHS = (
					"$(inherited)",
					"@executable_path/Frameworks",
				);
				MARKETING_VERSION = 0.1;
				PRODUCT_BUNDLE_IDENTIFIER = com.moview;
				PRODUCT_NAME = "$(TARGET_NAME)";
				PROVISIONING_PROFILE_SPECIFIER = "";
				SWIFT_VERSION = 5.0;
				TARGETED_DEVICE_FAMILY = 1;
			};
			name = Debug;
		};
		930E82CC226D8675000C40E2 /* Release */ = {
			isa = XCBuildConfiguration;
			baseConfigurationReference = 7314DD893CDA2239E3DC9288 /* Pods-Moview.release.xcconfig */;
			buildSettings = {
				ASSETCATALOG_COMPILER_APPICON_NAME = AppIcon;
				CODE_SIGN_ENTITLEMENTS = Moview/Moview.entitlements;
				CODE_SIGN_IDENTITY = "Apple Development";
				CODE_SIGN_STYLE = Automatic;
				DEVELOPMENT_TEAM = 5VK968CZZ6;
				FRAMEWORK_SEARCH_PATHS = "$(inherited)";
				INFOPLIST_FILE = Moview/Info.plist;
				IPHONEOS_DEPLOYMENT_TARGET = 13.0;
				LD_RUNPATH_SEARCH_PATHS = (
					"$(inherited)",
					"@executable_path/Frameworks",
				);
				MARKETING_VERSION = 0.1;
				PRODUCT_BUNDLE_IDENTIFIER = com.moview;
				PRODUCT_NAME = "$(TARGET_NAME)";
				PROVISIONING_PROFILE_SPECIFIER = "";
				SWIFT_VERSION = 5.0;
				TARGETED_DEVICE_FAMILY = 1;
			};
			name = Release;
		};
/* End XCBuildConfiguration section */

/* Begin XCConfigurationList section */
		930E82B3226D8672000C40E2 /* Build configuration list for PBXProject "Moview" */ = {
			isa = XCConfigurationList;
			buildConfigurations = (
				930E82C8226D8675000C40E2 /* Debug */,
				930E82C9226D8675000C40E2 /* Release */,
			);
			defaultConfigurationIsVisible = 0;
			defaultConfigurationName = Release;
		};
		930E82CA226D8675000C40E2 /* Build configuration list for PBXNativeTarget "Moview" */ = {
			isa = XCConfigurationList;
			buildConfigurations = (
				930E82CB226D8675000C40E2 /* Debug */,
				930E82CC226D8675000C40E2 /* Release */,
			);
			defaultConfigurationIsVisible = 0;
			defaultConfigurationName = Release;
		};
/* End XCConfigurationList section */

/* Begin XCVersionGroup section */
		93ABC9592292D042000F3DC7 /* Model.xcdatamodeld */ = {
			isa = XCVersionGroup;
			children = (
				93ABC95A2292D042000F3DC7 /* Model.xcdatamodel */,
			);
			currentVersion = 93ABC95A2292D042000F3DC7 /* Model.xcdatamodel */;
			path = Model.xcdatamodeld;
			sourceTree = "<group>";
			versionGroupType = wrapper.xcdatamodel;
		};
/* End XCVersionGroup section */
	};
	rootObject = 930E82B0226D8672000C40E2 /* Project object */;
}
